
Microsoft Visual Studio Solution File, Format Version 12.00
# Visual Studio Version 16
VisualStudioVersion = 16.0.29728.190
MinimumVisualStudioVersion = 10.0.40219.1
Project("{2150E333-8FDC-42A3-9474-1A3956D46DE8}") = "Test", "Test", "{0DB40E06-1133-4B03-9189-82952F335119}"
EndProject
Project("{2150E333-8FDC-42A3-9474-1A3956D46DE8}") = "Samples", "Samples", "{DABCEE42-464B-420F-8D07-A73C2A501F0A}"
EndProject
Project("{9A19103F-16F7-4668-BE54-9A1E7A4F7556}") = "Gnu.Licensing.Sample_Console", "src\Gnu.Licensing.Sample_Console\Gnu.Licensing.Sample_Console.csproj", "{5CB73DD7-53D0-4013-AADF-5994967298A4}"
EndProject
Project("{9A19103F-16F7-4668-BE54-9A1E7A4F7556}") = "Gnu.Licensing", "src\Gnu.Licensing\Gnu.Licensing.csproj", "{DD5E69DC-AF3D-486C-B9E4-28A2FBF1A7B1}"
EndProject
Project("{9A19103F-16F7-4668-BE54-9A1E7A4F7556}") = "Gnu.Licensing.Sample_Console_ServerLicenseFetch", "src\Gnu.Licensing.Sample_Console_ServerLicenseFetch\Gnu.Licensing.Sample_Console_ServerLicenseFetch.csproj", "{38B96D49-4EC9-46A8-A83D-1389FE301200}"
EndProject
Project("{9A19103F-16F7-4668-BE54-9A1E7A4F7556}") = "Gnu.Licensing.DevResources", "src\Gnu.Licensing.DevResources\Gnu.Licensing.DevResources.csproj", "{10AAB0A2-9768-4FB4-99B4-BB44C05EDE9C}"
EndProject
Project("{9A19103F-16F7-4668-BE54-9A1E7A4F7556}") = "Gnu.Licensing.Svr.Test", "test\Gnu.Licensing.Svr.Test\Gnu.Licensing.Svr.Test.csproj", "{B126702C-9930-47E3-8659-113D7FE04459}"
EndProject
Project("{9A19103F-16F7-4668-BE54-9A1E7A4F7556}") = "Gnu.Licensing.Test", "test\Gnu.Licensing.Test\Gnu.Licensing.Test.csproj", "{4A2941ED-B31D-4BD7-BBEB-7C3501D3D81E}"
EndProject
Project("{2150E333-8FDC-42A3-9474-1A3956D46DE8}") = "Xamarin", "Xamarin", "{797647C1-838C-4185-91F8-0D2C719C252A}"
EndProject
Project("{9A19103F-16F7-4668-BE54-9A1E7A4F7556}") = "Gnu.Licensing.Sample_XamarinForms.Test", "test\Gnu.Licensing.Sample_XamarinForms.Test\Gnu.Licensing.Sample_XamarinForms.Test.csproj", "{A42F93F0-C232-43BF-A5B4-C54605D7A37C}"
EndProject
Project("{FAE04EC0-301F-11D3-BF4B-00C04F79EFBC}") = "Gnu.Licensing.Sample_XF.UWP", "src\Gnu.Licensing.Sample_XF\Gnu.Licensing.Sample_XF.UWP\Gnu.Licensing.Sample_XF.UWP.csproj", "{3844A130-C044-4C55-82C2-7B7C265ED5C1}"
EndProject
Project("{FAE04EC0-301F-11D3-BF4B-00C04F79EFBC}") = "Gnu.Licensing.Sample_XF.Android", "src\Gnu.Licensing.Sample_XF\Gnu.Licensing.Sample_XF.Android\Gnu.Licensing.Sample_XF.Android.csproj", "{F2C35661-1E2F-477A-AC06-DBF715D56A73}"
EndProject
Project("{FAE04EC0-301F-11D3-BF4B-00C04F79EFBC}") = "Gnu.Licensing.Sample_XF.iOS", "src\Gnu.Licensing.Sample_XF\Gnu.Licensing.Sample_XF.iOS\Gnu.Licensing.Sample_XF.iOS.csproj", "{A0E00F0E-6D95-4548-994C-D87B916154A3}"
EndProject
Project("{9A19103F-16F7-4668-BE54-9A1E7A4F7556}") = "Gnu.Licensing.Sample_XF", "src\Gnu.Licensing.Sample_XF\Gnu.Licensing.Sample_XF\Gnu.Licensing.Sample_XF.csproj", "{73E79F74-5FBC-4E4E-AFFC-EFA7BD1CC78B}"
EndProject
Project("{9A19103F-16F7-4668-BE54-9A1E7A4F7556}") = "Gnu.Licensing.Core", "src\Gnu.Licensing.Core\Gnu.Licensing.Core.csproj", "{FC0EDB5C-DD64-465E-9794-6999A3DC1E6D}"
EndProject
Project("{9A19103F-16F7-4668-BE54-9A1E7A4F7556}") = "Gnu.Licensing.Sqlite", "src\Gnu.Licensing.Sqlite\Gnu.Licensing.Sqlite.csproj", "{68BB01F2-1D5E-40B6-B97A-A85563F2D73F}"
EndProject
Project("{9A19103F-16F7-4668-BE54-9A1E7A4F7556}") = "Gnu.Licensing.SqlServer", "src\Gnu.Licensing.SqlServer\Gnu.Licensing.SqlServer.csproj", "{1A150518-0776-41F1-A4BA-4C2D259D7D33}"
EndProject
Project("{9A19103F-16F7-4668-BE54-9A1E7A4F7556}") = "Gnu.Licensing.Api", "src\Gnu.Licensing.Api\Gnu.Licensing.Api.csproj", "{391041ED-7EFE-4A01-BAD5-0ACBF00DD1E3}"
EndProject
Project("{2150E333-8FDC-42A3-9474-1A3956D46DE8}") = "Resources", "Resources", "{2D9CAF2F-64B9-481D-849A-438AB9B09DC2}"
EndProject
Project("{FAE04EC0-301F-11D3-BF4B-00C04F79EFBC}") = "Gnu.Licensing.Api.Test", "test\Gnu.Licensing.Api.Test\Gnu.Licensing.Api.Test.csproj", "{71E96922-CD06-4EAC-842D-0D165C79D3C2}"
EndProject
Global
	GlobalSection(SolutionConfigurationPlatforms) = preSolution
		Debug|Any CPU = Debug|Any CPU
		Debug|ARM = Debug|ARM
		Debug|iPhone = Debug|iPhone
		Debug|iPhoneSimulator = Debug|iPhoneSimulator
		Debug|x64 = Debug|x64
		Debug|x86 = Debug|x86
		Release|Any CPU = Release|Any CPU
		Release|ARM = Release|ARM
		Release|iPhone = Release|iPhone
		Release|iPhoneSimulator = Release|iPhoneSimulator
		Release|x64 = Release|x64
		Release|x86 = Release|x86
	EndGlobalSection
	GlobalSection(ProjectConfigurationPlatforms) = postSolution
		{5CB73DD7-53D0-4013-AADF-5994967298A4}.Debug|Any CPU.ActiveCfg = Debug|Any CPU
		{5CB73DD7-53D0-4013-AADF-5994967298A4}.Debug|Any CPU.Build.0 = Debug|Any CPU
		{5CB73DD7-53D0-4013-AADF-5994967298A4}.Debug|ARM.ActiveCfg = Debug|Any CPU
		{5CB73DD7-53D0-4013-AADF-5994967298A4}.Debug|ARM.Build.0 = Debug|Any CPU
		{5CB73DD7-53D0-4013-AADF-5994967298A4}.Debug|iPhone.ActiveCfg = Debug|Any CPU
		{5CB73DD7-53D0-4013-AADF-5994967298A4}.Debug|iPhone.Build.0 = Debug|Any CPU
		{5CB73DD7-53D0-4013-AADF-5994967298A4}.Debug|iPhoneSimulator.ActiveCfg = Debug|Any CPU
		{5CB73DD7-53D0-4013-AADF-5994967298A4}.Debug|iPhoneSimulator.Build.0 = Debug|Any CPU
		{5CB73DD7-53D0-4013-AADF-5994967298A4}.Debug|x64.ActiveCfg = Debug|Any CPU
		{5CB73DD7-53D0-4013-AADF-5994967298A4}.Debug|x64.Build.0 = Debug|Any CPU
		{5CB73DD7-53D0-4013-AADF-5994967298A4}.Debug|x86.ActiveCfg = Debug|Any CPU
		{5CB73DD7-53D0-4013-AADF-5994967298A4}.Debug|x86.Build.0 = Debug|Any CPU
		{5CB73DD7-53D0-4013-AADF-5994967298A4}.Release|Any CPU.ActiveCfg = Release|Any CPU
		{5CB73DD7-53D0-4013-AADF-5994967298A4}.Release|Any CPU.Build.0 = Release|Any CPU
		{5CB73DD7-53D0-4013-AADF-5994967298A4}.Release|ARM.ActiveCfg = Release|Any CPU
		{5CB73DD7-53D0-4013-AADF-5994967298A4}.Release|ARM.Build.0 = Release|Any CPU
		{5CB73DD7-53D0-4013-AADF-5994967298A4}.Release|iPhone.ActiveCfg = Release|Any CPU
		{5CB73DD7-53D0-4013-AADF-5994967298A4}.Release|iPhone.Build.0 = Release|Any CPU
		{5CB73DD7-53D0-4013-AADF-5994967298A4}.Release|iPhoneSimulator.ActiveCfg = Release|Any CPU
		{5CB73DD7-53D0-4013-AADF-5994967298A4}.Release|iPhoneSimulator.Build.0 = Release|Any CPU
		{5CB73DD7-53D0-4013-AADF-5994967298A4}.Release|x64.ActiveCfg = Release|Any CPU
		{5CB73DD7-53D0-4013-AADF-5994967298A4}.Release|x64.Build.0 = Release|Any CPU
		{5CB73DD7-53D0-4013-AADF-5994967298A4}.Release|x86.ActiveCfg = Release|Any CPU
		{5CB73DD7-53D0-4013-AADF-5994967298A4}.Release|x86.Build.0 = Release|Any CPU
		{DD5E69DC-AF3D-486C-B9E4-28A2FBF1A7B1}.Debug|Any CPU.ActiveCfg = Debug|Any CPU
		{DD5E69DC-AF3D-486C-B9E4-28A2FBF1A7B1}.Debug|Any CPU.Build.0 = Debug|Any CPU
		{DD5E69DC-AF3D-486C-B9E4-28A2FBF1A7B1}.Debug|ARM.ActiveCfg = Debug|Any CPU
		{DD5E69DC-AF3D-486C-B9E4-28A2FBF1A7B1}.Debug|ARM.Build.0 = Debug|Any CPU
		{DD5E69DC-AF3D-486C-B9E4-28A2FBF1A7B1}.Debug|iPhone.ActiveCfg = Debug|Any CPU
		{DD5E69DC-AF3D-486C-B9E4-28A2FBF1A7B1}.Debug|iPhone.Build.0 = Debug|Any CPU
		{DD5E69DC-AF3D-486C-B9E4-28A2FBF1A7B1}.Debug|iPhoneSimulator.ActiveCfg = Debug|Any CPU
		{DD5E69DC-AF3D-486C-B9E4-28A2FBF1A7B1}.Debug|iPhoneSimulator.Build.0 = Debug|Any CPU
		{DD5E69DC-AF3D-486C-B9E4-28A2FBF1A7B1}.Debug|x64.ActiveCfg = Debug|Any CPU
		{DD5E69DC-AF3D-486C-B9E4-28A2FBF1A7B1}.Debug|x64.Build.0 = Debug|Any CPU
		{DD5E69DC-AF3D-486C-B9E4-28A2FBF1A7B1}.Debug|x86.ActiveCfg = Debug|Any CPU
		{DD5E69DC-AF3D-486C-B9E4-28A2FBF1A7B1}.Debug|x86.Build.0 = Debug|Any CPU
		{DD5E69DC-AF3D-486C-B9E4-28A2FBF1A7B1}.Release|Any CPU.ActiveCfg = Release|Any CPU
		{DD5E69DC-AF3D-486C-B9E4-28A2FBF1A7B1}.Release|Any CPU.Build.0 = Release|Any CPU
		{DD5E69DC-AF3D-486C-B9E4-28A2FBF1A7B1}.Release|ARM.ActiveCfg = Release|Any CPU
		{DD5E69DC-AF3D-486C-B9E4-28A2FBF1A7B1}.Release|ARM.Build.0 = Release|Any CPU
		{DD5E69DC-AF3D-486C-B9E4-28A2FBF1A7B1}.Release|iPhone.ActiveCfg = Release|Any CPU
		{DD5E69DC-AF3D-486C-B9E4-28A2FBF1A7B1}.Release|iPhone.Build.0 = Release|Any CPU
		{DD5E69DC-AF3D-486C-B9E4-28A2FBF1A7B1}.Release|iPhoneSimulator.ActiveCfg = Release|Any CPU
		{DD5E69DC-AF3D-486C-B9E4-28A2FBF1A7B1}.Release|iPhoneSimulator.Build.0 = Release|Any CPU
		{DD5E69DC-AF3D-486C-B9E4-28A2FBF1A7B1}.Release|x64.ActiveCfg = Release|Any CPU
		{DD5E69DC-AF3D-486C-B9E4-28A2FBF1A7B1}.Release|x64.Build.0 = Release|Any CPU
		{DD5E69DC-AF3D-486C-B9E4-28A2FBF1A7B1}.Release|x86.ActiveCfg = Release|Any CPU
		{DD5E69DC-AF3D-486C-B9E4-28A2FBF1A7B1}.Release|x86.Build.0 = Release|Any CPU
		{38B96D49-4EC9-46A8-A83D-1389FE301200}.Debug|Any CPU.ActiveCfg = Debug|Any CPU
		{38B96D49-4EC9-46A8-A83D-1389FE301200}.Debug|Any CPU.Build.0 = Debug|Any CPU
		{38B96D49-4EC9-46A8-A83D-1389FE301200}.Debug|ARM.ActiveCfg = Debug|Any CPU
		{38B96D49-4EC9-46A8-A83D-1389FE301200}.Debug|ARM.Build.0 = Debug|Any CPU
		{38B96D49-4EC9-46A8-A83D-1389FE301200}.Debug|iPhone.ActiveCfg = Debug|Any CPU
		{38B96D49-4EC9-46A8-A83D-1389FE301200}.Debug|iPhone.Build.0 = Debug|Any CPU
		{38B96D49-4EC9-46A8-A83D-1389FE301200}.Debug|iPhoneSimulator.ActiveCfg = Debug|Any CPU
		{38B96D49-4EC9-46A8-A83D-1389FE301200}.Debug|iPhoneSimulator.Build.0 = Debug|Any CPU
		{38B96D49-4EC9-46A8-A83D-1389FE301200}.Debug|x64.ActiveCfg = Debug|Any CPU
		{38B96D49-4EC9-46A8-A83D-1389FE301200}.Debug|x64.Build.0 = Debug|Any CPU
		{38B96D49-4EC9-46A8-A83D-1389FE301200}.Debug|x86.ActiveCfg = Debug|Any CPU
		{38B96D49-4EC9-46A8-A83D-1389FE301200}.Debug|x86.Build.0 = Debug|Any CPU
		{38B96D49-4EC9-46A8-A83D-1389FE301200}.Release|Any CPU.ActiveCfg = Release|Any CPU
		{38B96D49-4EC9-46A8-A83D-1389FE301200}.Release|Any CPU.Build.0 = Release|Any CPU
		{38B96D49-4EC9-46A8-A83D-1389FE301200}.Release|ARM.ActiveCfg = Release|Any CPU
		{38B96D49-4EC9-46A8-A83D-1389FE301200}.Release|ARM.Build.0 = Release|Any CPU
		{38B96D49-4EC9-46A8-A83D-1389FE301200}.Release|iPhone.ActiveCfg = Release|Any CPU
		{38B96D49-4EC9-46A8-A83D-1389FE301200}.Release|iPhone.Build.0 = Release|Any CPU
		{38B96D49-4EC9-46A8-A83D-1389FE301200}.Release|iPhoneSimulator.ActiveCfg = Release|Any CPU
		{38B96D49-4EC9-46A8-A83D-1389FE301200}.Release|iPhoneSimulator.Build.0 = Release|Any CPU
		{38B96D49-4EC9-46A8-A83D-1389FE301200}.Release|x64.ActiveCfg = Release|Any CPU
		{38B96D49-4EC9-46A8-A83D-1389FE301200}.Release|x64.Build.0 = Release|Any CPU
		{38B96D49-4EC9-46A8-A83D-1389FE301200}.Release|x86.ActiveCfg = Release|Any CPU
		{38B96D49-4EC9-46A8-A83D-1389FE301200}.Release|x86.Build.0 = Release|Any CPU
		{10AAB0A2-9768-4FB4-99B4-BB44C05EDE9C}.Debug|Any CPU.ActiveCfg = Debug|Any CPU
		{10AAB0A2-9768-4FB4-99B4-BB44C05EDE9C}.Debug|Any CPU.Build.0 = Debug|Any CPU
		{10AAB0A2-9768-4FB4-99B4-BB44C05EDE9C}.Debug|ARM.ActiveCfg = Debug|Any CPU
		{10AAB0A2-9768-4FB4-99B4-BB44C05EDE9C}.Debug|ARM.Build.0 = Debug|Any CPU
		{10AAB0A2-9768-4FB4-99B4-BB44C05EDE9C}.Debug|iPhone.ActiveCfg = Debug|Any CPU
		{10AAB0A2-9768-4FB4-99B4-BB44C05EDE9C}.Debug|iPhone.Build.0 = Debug|Any CPU
		{10AAB0A2-9768-4FB4-99B4-BB44C05EDE9C}.Debug|iPhoneSimulator.ActiveCfg = Debug|Any CPU
		{10AAB0A2-9768-4FB4-99B4-BB44C05EDE9C}.Debug|iPhoneSimulator.Build.0 = Debug|Any CPU
		{10AAB0A2-9768-4FB4-99B4-BB44C05EDE9C}.Debug|x64.ActiveCfg = Debug|Any CPU
		{10AAB0A2-9768-4FB4-99B4-BB44C05EDE9C}.Debug|x64.Build.0 = Debug|Any CPU
		{10AAB0A2-9768-4FB4-99B4-BB44C05EDE9C}.Debug|x86.ActiveCfg = Debug|Any CPU
		{10AAB0A2-9768-4FB4-99B4-BB44C05EDE9C}.Debug|x86.Build.0 = Debug|Any CPU
		{10AAB0A2-9768-4FB4-99B4-BB44C05EDE9C}.Release|Any CPU.ActiveCfg = Release|Any CPU
		{10AAB0A2-9768-4FB4-99B4-BB44C05EDE9C}.Release|Any CPU.Build.0 = Release|Any CPU
		{10AAB0A2-9768-4FB4-99B4-BB44C05EDE9C}.Release|ARM.ActiveCfg = Release|Any CPU
		{10AAB0A2-9768-4FB4-99B4-BB44C05EDE9C}.Release|ARM.Build.0 = Release|Any CPU
		{10AAB0A2-9768-4FB4-99B4-BB44C05EDE9C}.Release|iPhone.ActiveCfg = Release|Any CPU
		{10AAB0A2-9768-4FB4-99B4-BB44C05EDE9C}.Release|iPhone.Build.0 = Release|Any CPU
		{10AAB0A2-9768-4FB4-99B4-BB44C05EDE9C}.Release|iPhoneSimulator.ActiveCfg = Release|Any CPU
		{10AAB0A2-9768-4FB4-99B4-BB44C05EDE9C}.Release|iPhoneSimulator.Build.0 = Release|Any CPU
		{10AAB0A2-9768-4FB4-99B4-BB44C05EDE9C}.Release|x64.ActiveCfg = Release|Any CPU
		{10AAB0A2-9768-4FB4-99B4-BB44C05EDE9C}.Release|x64.Build.0 = Release|Any CPU
		{10AAB0A2-9768-4FB4-99B4-BB44C05EDE9C}.Release|x86.ActiveCfg = Release|Any CPU
		{10AAB0A2-9768-4FB4-99B4-BB44C05EDE9C}.Release|x86.Build.0 = Release|Any CPU
		{B126702C-9930-47E3-8659-113D7FE04459}.Debug|Any CPU.ActiveCfg = Debug|Any CPU
		{B126702C-9930-47E3-8659-113D7FE04459}.Debug|Any CPU.Build.0 = Debug|Any CPU
		{B126702C-9930-47E3-8659-113D7FE04459}.Debug|ARM.ActiveCfg = Debug|Any CPU
		{B126702C-9930-47E3-8659-113D7FE04459}.Debug|ARM.Build.0 = Debug|Any CPU
		{B126702C-9930-47E3-8659-113D7FE04459}.Debug|iPhone.ActiveCfg = Debug|Any CPU
		{B126702C-9930-47E3-8659-113D7FE04459}.Debug|iPhone.Build.0 = Debug|Any CPU
		{B126702C-9930-47E3-8659-113D7FE04459}.Debug|iPhoneSimulator.ActiveCfg = Debug|Any CPU
		{B126702C-9930-47E3-8659-113D7FE04459}.Debug|iPhoneSimulator.Build.0 = Debug|Any CPU
		{B126702C-9930-47E3-8659-113D7FE04459}.Debug|x64.ActiveCfg = Debug|Any CPU
		{B126702C-9930-47E3-8659-113D7FE04459}.Debug|x64.Build.0 = Debug|Any CPU
		{B126702C-9930-47E3-8659-113D7FE04459}.Debug|x86.ActiveCfg = Debug|Any CPU
		{B126702C-9930-47E3-8659-113D7FE04459}.Debug|x86.Build.0 = Debug|Any CPU
		{B126702C-9930-47E3-8659-113D7FE04459}.Release|Any CPU.ActiveCfg = Release|Any CPU
		{B126702C-9930-47E3-8659-113D7FE04459}.Release|Any CPU.Build.0 = Release|Any CPU
		{B126702C-9930-47E3-8659-113D7FE04459}.Release|ARM.ActiveCfg = Release|Any CPU
		{B126702C-9930-47E3-8659-113D7FE04459}.Release|ARM.Build.0 = Release|Any CPU
		{B126702C-9930-47E3-8659-113D7FE04459}.Release|iPhone.ActiveCfg = Release|Any CPU
		{B126702C-9930-47E3-8659-113D7FE04459}.Release|iPhone.Build.0 = Release|Any CPU
		{B126702C-9930-47E3-8659-113D7FE04459}.Release|iPhoneSimulator.ActiveCfg = Release|Any CPU
		{B126702C-9930-47E3-8659-113D7FE04459}.Release|iPhoneSimulator.Build.0 = Release|Any CPU
		{B126702C-9930-47E3-8659-113D7FE04459}.Release|x64.ActiveCfg = Release|Any CPU
		{B126702C-9930-47E3-8659-113D7FE04459}.Release|x64.Build.0 = Release|Any CPU
		{B126702C-9930-47E3-8659-113D7FE04459}.Release|x86.ActiveCfg = Release|Any CPU
		{B126702C-9930-47E3-8659-113D7FE04459}.Release|x86.Build.0 = Release|Any CPU
		{4A2941ED-B31D-4BD7-BBEB-7C3501D3D81E}.Debug|Any CPU.ActiveCfg = Debug|Any CPU
		{4A2941ED-B31D-4BD7-BBEB-7C3501D3D81E}.Debug|Any CPU.Build.0 = Debug|Any CPU
		{4A2941ED-B31D-4BD7-BBEB-7C3501D3D81E}.Debug|ARM.ActiveCfg = Debug|Any CPU
		{4A2941ED-B31D-4BD7-BBEB-7C3501D3D81E}.Debug|ARM.Build.0 = Debug|Any CPU
		{4A2941ED-B31D-4BD7-BBEB-7C3501D3D81E}.Debug|iPhone.ActiveCfg = Debug|Any CPU
		{4A2941ED-B31D-4BD7-BBEB-7C3501D3D81E}.Debug|iPhone.Build.0 = Debug|Any CPU
		{4A2941ED-B31D-4BD7-BBEB-7C3501D3D81E}.Debug|iPhoneSimulator.ActiveCfg = Debug|Any CPU
		{4A2941ED-B31D-4BD7-BBEB-7C3501D3D81E}.Debug|iPhoneSimulator.Build.0 = Debug|Any CPU
		{4A2941ED-B31D-4BD7-BBEB-7C3501D3D81E}.Debug|x64.ActiveCfg = Debug|Any CPU
		{4A2941ED-B31D-4BD7-BBEB-7C3501D3D81E}.Debug|x64.Build.0 = Debug|Any CPU
		{4A2941ED-B31D-4BD7-BBEB-7C3501D3D81E}.Debug|x86.ActiveCfg = Debug|Any CPU
		{4A2941ED-B31D-4BD7-BBEB-7C3501D3D81E}.Debug|x86.Build.0 = Debug|Any CPU
		{4A2941ED-B31D-4BD7-BBEB-7C3501D3D81E}.Release|Any CPU.ActiveCfg = Release|Any CPU
		{4A2941ED-B31D-4BD7-BBEB-7C3501D3D81E}.Release|Any CPU.Build.0 = Release|Any CPU
		{4A2941ED-B31D-4BD7-BBEB-7C3501D3D81E}.Release|ARM.ActiveCfg = Release|Any CPU
		{4A2941ED-B31D-4BD7-BBEB-7C3501D3D81E}.Release|ARM.Build.0 = Release|Any CPU
		{4A2941ED-B31D-4BD7-BBEB-7C3501D3D81E}.Release|iPhone.ActiveCfg = Release|Any CPU
		{4A2941ED-B31D-4BD7-BBEB-7C3501D3D81E}.Release|iPhone.Build.0 = Release|Any CPU
		{4A2941ED-B31D-4BD7-BBEB-7C3501D3D81E}.Release|iPhoneSimulator.ActiveCfg = Release|Any CPU
		{4A2941ED-B31D-4BD7-BBEB-7C3501D3D81E}.Release|iPhoneSimulator.Build.0 = Release|Any CPU
		{4A2941ED-B31D-4BD7-BBEB-7C3501D3D81E}.Release|x64.ActiveCfg = Release|Any CPU
		{4A2941ED-B31D-4BD7-BBEB-7C3501D3D81E}.Release|x64.Build.0 = Release|Any CPU
		{4A2941ED-B31D-4BD7-BBEB-7C3501D3D81E}.Release|x86.ActiveCfg = Release|Any CPU
		{4A2941ED-B31D-4BD7-BBEB-7C3501D3D81E}.Release|x86.Build.0 = Release|Any CPU
		{A42F93F0-C232-43BF-A5B4-C54605D7A37C}.Debug|Any CPU.ActiveCfg = Debug|Any CPU
		{A42F93F0-C232-43BF-A5B4-C54605D7A37C}.Debug|Any CPU.Build.0 = Debug|Any CPU
		{A42F93F0-C232-43BF-A5B4-C54605D7A37C}.Debug|ARM.ActiveCfg = Debug|Any CPU
		{A42F93F0-C232-43BF-A5B4-C54605D7A37C}.Debug|ARM.Build.0 = Debug|Any CPU
		{A42F93F0-C232-43BF-A5B4-C54605D7A37C}.Debug|iPhone.ActiveCfg = Debug|Any CPU
		{A42F93F0-C232-43BF-A5B4-C54605D7A37C}.Debug|iPhone.Build.0 = Debug|Any CPU
		{A42F93F0-C232-43BF-A5B4-C54605D7A37C}.Debug|iPhoneSimulator.ActiveCfg = Debug|Any CPU
		{A42F93F0-C232-43BF-A5B4-C54605D7A37C}.Debug|iPhoneSimulator.Build.0 = Debug|Any CPU
		{A42F93F0-C232-43BF-A5B4-C54605D7A37C}.Debug|x64.ActiveCfg = Debug|Any CPU
		{A42F93F0-C232-43BF-A5B4-C54605D7A37C}.Debug|x64.Build.0 = Debug|Any CPU
		{A42F93F0-C232-43BF-A5B4-C54605D7A37C}.Debug|x86.ActiveCfg = Debug|Any CPU
		{A42F93F0-C232-43BF-A5B4-C54605D7A37C}.Debug|x86.Build.0 = Debug|Any CPU
		{A42F93F0-C232-43BF-A5B4-C54605D7A37C}.Release|Any CPU.ActiveCfg = Release|Any CPU
		{A42F93F0-C232-43BF-A5B4-C54605D7A37C}.Release|Any CPU.Build.0 = Release|Any CPU
		{A42F93F0-C232-43BF-A5B4-C54605D7A37C}.Release|ARM.ActiveCfg = Release|Any CPU
		{A42F93F0-C232-43BF-A5B4-C54605D7A37C}.Release|ARM.Build.0 = Release|Any CPU
		{A42F93F0-C232-43BF-A5B4-C54605D7A37C}.Release|iPhone.ActiveCfg = Release|Any CPU
		{A42F93F0-C232-43BF-A5B4-C54605D7A37C}.Release|iPhone.Build.0 = Release|Any CPU
		{A42F93F0-C232-43BF-A5B4-C54605D7A37C}.Release|iPhoneSimulator.ActiveCfg = Release|Any CPU
		{A42F93F0-C232-43BF-A5B4-C54605D7A37C}.Release|iPhoneSimulator.Build.0 = Release|Any CPU
		{A42F93F0-C232-43BF-A5B4-C54605D7A37C}.Release|x64.ActiveCfg = Release|Any CPU
		{A42F93F0-C232-43BF-A5B4-C54605D7A37C}.Release|x64.Build.0 = Release|Any CPU
		{A42F93F0-C232-43BF-A5B4-C54605D7A37C}.Release|x86.ActiveCfg = Release|Any CPU
		{A42F93F0-C232-43BF-A5B4-C54605D7A37C}.Release|x86.Build.0 = Release|Any CPU
		{3844A130-C044-4C55-82C2-7B7C265ED5C1}.Debug|Any CPU.ActiveCfg = Debug|x86
		{3844A130-C044-4C55-82C2-7B7C265ED5C1}.Debug|ARM.ActiveCfg = Debug|ARM
		{3844A130-C044-4C55-82C2-7B7C265ED5C1}.Debug|ARM.Build.0 = Debug|ARM
		{3844A130-C044-4C55-82C2-7B7C265ED5C1}.Debug|ARM.Deploy.0 = Debug|ARM
		{3844A130-C044-4C55-82C2-7B7C265ED5C1}.Debug|iPhone.ActiveCfg = Debug|x86
		{3844A130-C044-4C55-82C2-7B7C265ED5C1}.Debug|iPhoneSimulator.ActiveCfg = Debug|x86
		{3844A130-C044-4C55-82C2-7B7C265ED5C1}.Debug|x64.ActiveCfg = Debug|x64
		{3844A130-C044-4C55-82C2-7B7C265ED5C1}.Debug|x64.Build.0 = Debug|x64
		{3844A130-C044-4C55-82C2-7B7C265ED5C1}.Debug|x64.Deploy.0 = Debug|x64
		{3844A130-C044-4C55-82C2-7B7C265ED5C1}.Debug|x86.ActiveCfg = Debug|x86
		{3844A130-C044-4C55-82C2-7B7C265ED5C1}.Debug|x86.Build.0 = Debug|x86
		{3844A130-C044-4C55-82C2-7B7C265ED5C1}.Debug|x86.Deploy.0 = Debug|x86
		{3844A130-C044-4C55-82C2-7B7C265ED5C1}.Release|Any CPU.ActiveCfg = Release|x86
		{3844A130-C044-4C55-82C2-7B7C265ED5C1}.Release|ARM.ActiveCfg = Release|ARM
		{3844A130-C044-4C55-82C2-7B7C265ED5C1}.Release|ARM.Build.0 = Release|ARM
		{3844A130-C044-4C55-82C2-7B7C265ED5C1}.Release|ARM.Deploy.0 = Release|ARM
		{3844A130-C044-4C55-82C2-7B7C265ED5C1}.Release|iPhone.ActiveCfg = Release|x86
		{3844A130-C044-4C55-82C2-7B7C265ED5C1}.Release|iPhoneSimulator.ActiveCfg = Release|x86
		{3844A130-C044-4C55-82C2-7B7C265ED5C1}.Release|x64.ActiveCfg = Release|x64
		{3844A130-C044-4C55-82C2-7B7C265ED5C1}.Release|x64.Build.0 = Release|x64
		{3844A130-C044-4C55-82C2-7B7C265ED5C1}.Release|x64.Deploy.0 = Release|x64
		{3844A130-C044-4C55-82C2-7B7C265ED5C1}.Release|x86.ActiveCfg = Release|x86
		{3844A130-C044-4C55-82C2-7B7C265ED5C1}.Release|x86.Build.0 = Release|x86
		{3844A130-C044-4C55-82C2-7B7C265ED5C1}.Release|x86.Deploy.0 = Release|x86
		{F2C35661-1E2F-477A-AC06-DBF715D56A73}.Debug|Any CPU.ActiveCfg = Debug|Any CPU
		{F2C35661-1E2F-477A-AC06-DBF715D56A73}.Debug|Any CPU.Build.0 = Debug|Any CPU
		{F2C35661-1E2F-477A-AC06-DBF715D56A73}.Debug|Any CPU.Deploy.0 = Debug|Any CPU
		{F2C35661-1E2F-477A-AC06-DBF715D56A73}.Debug|ARM.ActiveCfg = Debug|Any CPU
		{F2C35661-1E2F-477A-AC06-DBF715D56A73}.Debug|ARM.Build.0 = Debug|Any CPU
		{F2C35661-1E2F-477A-AC06-DBF715D56A73}.Debug|ARM.Deploy.0 = Debug|Any CPU
		{F2C35661-1E2F-477A-AC06-DBF715D56A73}.Debug|iPhone.ActiveCfg = Debug|Any CPU
		{F2C35661-1E2F-477A-AC06-DBF715D56A73}.Debug|iPhone.Build.0 = Debug|Any CPU
		{F2C35661-1E2F-477A-AC06-DBF715D56A73}.Debug|iPhone.Deploy.0 = Debug|Any CPU
		{F2C35661-1E2F-477A-AC06-DBF715D56A73}.Debug|iPhoneSimulator.ActiveCfg = Debug|Any CPU
		{F2C35661-1E2F-477A-AC06-DBF715D56A73}.Debug|iPhoneSimulator.Build.0 = Debug|Any CPU
		{F2C35661-1E2F-477A-AC06-DBF715D56A73}.Debug|iPhoneSimulator.Deploy.0 = Debug|Any CPU
		{F2C35661-1E2F-477A-AC06-DBF715D56A73}.Debug|x64.ActiveCfg = Debug|Any CPU
		{F2C35661-1E2F-477A-AC06-DBF715D56A73}.Debug|x64.Build.0 = Debug|Any CPU
		{F2C35661-1E2F-477A-AC06-DBF715D56A73}.Debug|x64.Deploy.0 = Debug|Any CPU
		{F2C35661-1E2F-477A-AC06-DBF715D56A73}.Debug|x86.ActiveCfg = Debug|Any CPU
		{F2C35661-1E2F-477A-AC06-DBF715D56A73}.Debug|x86.Build.0 = Debug|Any CPU
		{F2C35661-1E2F-477A-AC06-DBF715D56A73}.Debug|x86.Deploy.0 = Debug|Any CPU
		{F2C35661-1E2F-477A-AC06-DBF715D56A73}.Release|Any CPU.ActiveCfg = Release|Any CPU
		{F2C35661-1E2F-477A-AC06-DBF715D56A73}.Release|Any CPU.Build.0 = Release|Any CPU
		{F2C35661-1E2F-477A-AC06-DBF715D56A73}.Release|Any CPU.Deploy.0 = Release|Any CPU
		{F2C35661-1E2F-477A-AC06-DBF715D56A73}.Release|ARM.ActiveCfg = Release|Any CPU
		{F2C35661-1E2F-477A-AC06-DBF715D56A73}.Release|ARM.Build.0 = Release|Any CPU
		{F2C35661-1E2F-477A-AC06-DBF715D56A73}.Release|ARM.Deploy.0 = Release|Any CPU
		{F2C35661-1E2F-477A-AC06-DBF715D56A73}.Release|iPhone.ActiveCfg = Release|Any CPU
		{F2C35661-1E2F-477A-AC06-DBF715D56A73}.Release|iPhone.Build.0 = Release|Any CPU
		{F2C35661-1E2F-477A-AC06-DBF715D56A73}.Release|iPhone.Deploy.0 = Release|Any CPU
		{F2C35661-1E2F-477A-AC06-DBF715D56A73}.Release|iPhoneSimulator.ActiveCfg = Release|Any CPU
		{F2C35661-1E2F-477A-AC06-DBF715D56A73}.Release|iPhoneSimulator.Build.0 = Release|Any CPU
		{F2C35661-1E2F-477A-AC06-DBF715D56A73}.Release|iPhoneSimulator.Deploy.0 = Release|Any CPU
		{F2C35661-1E2F-477A-AC06-DBF715D56A73}.Release|x64.ActiveCfg = Release|Any CPU
		{F2C35661-1E2F-477A-AC06-DBF715D56A73}.Release|x64.Build.0 = Release|Any CPU
		{F2C35661-1E2F-477A-AC06-DBF715D56A73}.Release|x64.Deploy.0 = Release|Any CPU
		{F2C35661-1E2F-477A-AC06-DBF715D56A73}.Release|x86.ActiveCfg = Release|Any CPU
		{F2C35661-1E2F-477A-AC06-DBF715D56A73}.Release|x86.Build.0 = Release|Any CPU
		{F2C35661-1E2F-477A-AC06-DBF715D56A73}.Release|x86.Deploy.0 = Release|Any CPU
		{A0E00F0E-6D95-4548-994C-D87B916154A3}.Debug|Any CPU.ActiveCfg = Debug|iPhone
		{A0E00F0E-6D95-4548-994C-D87B916154A3}.Debug|ARM.ActiveCfg = Debug|iPhone
		{A0E00F0E-6D95-4548-994C-D87B916154A3}.Debug|iPhone.ActiveCfg = Debug|iPhone
		{A0E00F0E-6D95-4548-994C-D87B916154A3}.Debug|iPhone.Build.0 = Debug|iPhone
		{A0E00F0E-6D95-4548-994C-D87B916154A3}.Debug|iPhoneSimulator.ActiveCfg = Debug|iPhoneSimulator
		{A0E00F0E-6D95-4548-994C-D87B916154A3}.Debug|iPhoneSimulator.Build.0 = Debug|iPhoneSimulator
		{A0E00F0E-6D95-4548-994C-D87B916154A3}.Debug|x64.ActiveCfg = Debug|iPhone
		{A0E00F0E-6D95-4548-994C-D87B916154A3}.Debug|x86.ActiveCfg = Debug|iPhone
		{A0E00F0E-6D95-4548-994C-D87B916154A3}.Release|Any CPU.ActiveCfg = Release|iPhone
		{A0E00F0E-6D95-4548-994C-D87B916154A3}.Release|ARM.ActiveCfg = Release|iPhone
		{A0E00F0E-6D95-4548-994C-D87B916154A3}.Release|iPhone.ActiveCfg = Release|iPhone
		{A0E00F0E-6D95-4548-994C-D87B916154A3}.Release|iPhone.Build.0 = Release|iPhone
		{A0E00F0E-6D95-4548-994C-D87B916154A3}.Release|iPhoneSimulator.ActiveCfg = Release|iPhoneSimulator
		{A0E00F0E-6D95-4548-994C-D87B916154A3}.Release|iPhoneSimulator.Build.0 = Release|iPhoneSimulator
		{A0E00F0E-6D95-4548-994C-D87B916154A3}.Release|x64.ActiveCfg = Release|iPhone
		{A0E00F0E-6D95-4548-994C-D87B916154A3}.Release|x86.ActiveCfg = Release|iPhone
		{73E79F74-5FBC-4E4E-AFFC-EFA7BD1CC78B}.Debug|Any CPU.ActiveCfg = Debug|Any CPU
		{73E79F74-5FBC-4E4E-AFFC-EFA7BD1CC78B}.Debug|Any CPU.Build.0 = Debug|Any CPU
		{73E79F74-5FBC-4E4E-AFFC-EFA7BD1CC78B}.Debug|ARM.ActiveCfg = Debug|Any CPU
		{73E79F74-5FBC-4E4E-AFFC-EFA7BD1CC78B}.Debug|ARM.Build.0 = Debug|Any CPU
		{73E79F74-5FBC-4E4E-AFFC-EFA7BD1CC78B}.Debug|iPhone.ActiveCfg = Debug|Any CPU
		{73E79F74-5FBC-4E4E-AFFC-EFA7BD1CC78B}.Debug|iPhone.Build.0 = Debug|Any CPU
		{73E79F74-5FBC-4E4E-AFFC-EFA7BD1CC78B}.Debug|iPhoneSimulator.ActiveCfg = Debug|Any CPU
		{73E79F74-5FBC-4E4E-AFFC-EFA7BD1CC78B}.Debug|iPhoneSimulator.Build.0 = Debug|Any CPU
		{73E79F74-5FBC-4E4E-AFFC-EFA7BD1CC78B}.Debug|x64.ActiveCfg = Debug|Any CPU
		{73E79F74-5FBC-4E4E-AFFC-EFA7BD1CC78B}.Debug|x64.Build.0 = Debug|Any CPU
		{73E79F74-5FBC-4E4E-AFFC-EFA7BD1CC78B}.Debug|x86.ActiveCfg = Debug|Any CPU
		{73E79F74-5FBC-4E4E-AFFC-EFA7BD1CC78B}.Debug|x86.Build.0 = Debug|Any CPU
		{73E79F74-5FBC-4E4E-AFFC-EFA7BD1CC78B}.Release|Any CPU.ActiveCfg = Release|Any CPU
		{73E79F74-5FBC-4E4E-AFFC-EFA7BD1CC78B}.Release|Any CPU.Build.0 = Release|Any CPU
		{73E79F74-5FBC-4E4E-AFFC-EFA7BD1CC78B}.Release|ARM.ActiveCfg = Release|Any CPU
		{73E79F74-5FBC-4E4E-AFFC-EFA7BD1CC78B}.Release|ARM.Build.0 = Release|Any CPU
		{73E79F74-5FBC-4E4E-AFFC-EFA7BD1CC78B}.Release|iPhone.ActiveCfg = Release|Any CPU
		{73E79F74-5FBC-4E4E-AFFC-EFA7BD1CC78B}.Release|iPhone.Build.0 = Release|Any CPU
		{73E79F74-5FBC-4E4E-AFFC-EFA7BD1CC78B}.Release|iPhoneSimulator.ActiveCfg = Release|Any CPU
		{73E79F74-5FBC-4E4E-AFFC-EFA7BD1CC78B}.Release|iPhoneSimulator.Build.0 = Release|Any CPU
		{73E79F74-5FBC-4E4E-AFFC-EFA7BD1CC78B}.Release|x64.ActiveCfg = Release|Any CPU
		{73E79F74-5FBC-4E4E-AFFC-EFA7BD1CC78B}.Release|x64.Build.0 = Release|Any CPU
		{73E79F74-5FBC-4E4E-AFFC-EFA7BD1CC78B}.Release|x86.ActiveCfg = Release|Any CPU
		{73E79F74-5FBC-4E4E-AFFC-EFA7BD1CC78B}.Release|x86.Build.0 = Release|Any CPU
		{FC0EDB5C-DD64-465E-9794-6999A3DC1E6D}.Debug|Any CPU.ActiveCfg = Debug|Any CPU
		{FC0EDB5C-DD64-465E-9794-6999A3DC1E6D}.Debug|Any CPU.Build.0 = Debug|Any CPU
		{FC0EDB5C-DD64-465E-9794-6999A3DC1E6D}.Debug|ARM.ActiveCfg = Debug|Any CPU
		{FC0EDB5C-DD64-465E-9794-6999A3DC1E6D}.Debug|ARM.Build.0 = Debug|Any CPU
		{FC0EDB5C-DD64-465E-9794-6999A3DC1E6D}.Debug|iPhone.ActiveCfg = Debug|Any CPU
		{FC0EDB5C-DD64-465E-9794-6999A3DC1E6D}.Debug|iPhone.Build.0 = Debug|Any CPU
		{FC0EDB5C-DD64-465E-9794-6999A3DC1E6D}.Debug|iPhoneSimulator.ActiveCfg = Debug|Any CPU
		{FC0EDB5C-DD64-465E-9794-6999A3DC1E6D}.Debug|iPhoneSimulator.Build.0 = Debug|Any CPU
		{FC0EDB5C-DD64-465E-9794-6999A3DC1E6D}.Debug|x64.ActiveCfg = Debug|Any CPU
		{FC0EDB5C-DD64-465E-9794-6999A3DC1E6D}.Debug|x64.Build.0 = Debug|Any CPU
		{FC0EDB5C-DD64-465E-9794-6999A3DC1E6D}.Debug|x86.ActiveCfg = Debug|Any CPU
		{FC0EDB5C-DD64-465E-9794-6999A3DC1E6D}.Debug|x86.Build.0 = Debug|Any CPU
		{FC0EDB5C-DD64-465E-9794-6999A3DC1E6D}.Release|Any CPU.ActiveCfg = Release|Any CPU
		{FC0EDB5C-DD64-465E-9794-6999A3DC1E6D}.Release|Any CPU.Build.0 = Release|Any CPU
		{FC0EDB5C-DD64-465E-9794-6999A3DC1E6D}.Release|ARM.ActiveCfg = Release|Any CPU
		{FC0EDB5C-DD64-465E-9794-6999A3DC1E6D}.Release|ARM.Build.0 = Release|Any CPU
		{FC0EDB5C-DD64-465E-9794-6999A3DC1E6D}.Release|iPhone.ActiveCfg = Release|Any CPU
		{FC0EDB5C-DD64-465E-9794-6999A3DC1E6D}.Release|iPhone.Build.0 = Release|Any CPU
		{FC0EDB5C-DD64-465E-9794-6999A3DC1E6D}.Release|iPhoneSimulator.ActiveCfg = Release|Any CPU
		{FC0EDB5C-DD64-465E-9794-6999A3DC1E6D}.Release|iPhoneSimulator.Build.0 = Release|Any CPU
		{FC0EDB5C-DD64-465E-9794-6999A3DC1E6D}.Release|x64.ActiveCfg = Release|Any CPU
		{FC0EDB5C-DD64-465E-9794-6999A3DC1E6D}.Release|x64.Build.0 = Release|Any CPU
		{FC0EDB5C-DD64-465E-9794-6999A3DC1E6D}.Release|x86.ActiveCfg = Release|Any CPU
		{FC0EDB5C-DD64-465E-9794-6999A3DC1E6D}.Release|x86.Build.0 = Release|Any CPU
		{68BB01F2-1D5E-40B6-B97A-A85563F2D73F}.Debug|Any CPU.ActiveCfg = Debug|Any CPU
		{68BB01F2-1D5E-40B6-B97A-A85563F2D73F}.Debug|Any CPU.Build.0 = Debug|Any CPU
		{68BB01F2-1D5E-40B6-B97A-A85563F2D73F}.Debug|ARM.ActiveCfg = Debug|Any CPU
		{68BB01F2-1D5E-40B6-B97A-A85563F2D73F}.Debug|ARM.Build.0 = Debug|Any CPU
		{68BB01F2-1D5E-40B6-B97A-A85563F2D73F}.Debug|iPhone.ActiveCfg = Debug|Any CPU
		{68BB01F2-1D5E-40B6-B97A-A85563F2D73F}.Debug|iPhone.Build.0 = Debug|Any CPU
		{68BB01F2-1D5E-40B6-B97A-A85563F2D73F}.Debug|iPhoneSimulator.ActiveCfg = Debug|Any CPU
		{68BB01F2-1D5E-40B6-B97A-A85563F2D73F}.Debug|iPhoneSimulator.Build.0 = Debug|Any CPU
		{68BB01F2-1D5E-40B6-B97A-A85563F2D73F}.Debug|x64.ActiveCfg = Debug|Any CPU
		{68BB01F2-1D5E-40B6-B97A-A85563F2D73F}.Debug|x64.Build.0 = Debug|Any CPU
		{68BB01F2-1D5E-40B6-B97A-A85563F2D73F}.Debug|x86.ActiveCfg = Debug|Any CPU
		{68BB01F2-1D5E-40B6-B97A-A85563F2D73F}.Debug|x86.Build.0 = Debug|Any CPU
		{68BB01F2-1D5E-40B6-B97A-A85563F2D73F}.Release|Any CPU.ActiveCfg = Release|Any CPU
		{68BB01F2-1D5E-40B6-B97A-A85563F2D73F}.Release|Any CPU.Build.0 = Release|Any CPU
		{68BB01F2-1D5E-40B6-B97A-A85563F2D73F}.Release|ARM.ActiveCfg = Release|Any CPU
		{68BB01F2-1D5E-40B6-B97A-A85563F2D73F}.Release|ARM.Build.0 = Release|Any CPU
		{68BB01F2-1D5E-40B6-B97A-A85563F2D73F}.Release|iPhone.ActiveCfg = Release|Any CPU
		{68BB01F2-1D5E-40B6-B97A-A85563F2D73F}.Release|iPhone.Build.0 = Release|Any CPU
		{68BB01F2-1D5E-40B6-B97A-A85563F2D73F}.Release|iPhoneSimulator.ActiveCfg = Release|Any CPU
		{68BB01F2-1D5E-40B6-B97A-A85563F2D73F}.Release|iPhoneSimulator.Build.0 = Release|Any CPU
		{68BB01F2-1D5E-40B6-B97A-A85563F2D73F}.Release|x64.ActiveCfg = Release|Any CPU
		{68BB01F2-1D5E-40B6-B97A-A85563F2D73F}.Release|x64.Build.0 = Release|Any CPU
		{68BB01F2-1D5E-40B6-B97A-A85563F2D73F}.Release|x86.ActiveCfg = Release|Any CPU
		{68BB01F2-1D5E-40B6-B97A-A85563F2D73F}.Release|x86.Build.0 = Release|Any CPU
		{1A150518-0776-41F1-A4BA-4C2D259D7D33}.Debug|Any CPU.ActiveCfg = Debug|Any CPU
		{1A150518-0776-41F1-A4BA-4C2D259D7D33}.Debug|Any CPU.Build.0 = Debug|Any CPU
		{1A150518-0776-41F1-A4BA-4C2D259D7D33}.Debug|ARM.ActiveCfg = Debug|Any CPU
		{1A150518-0776-41F1-A4BA-4C2D259D7D33}.Debug|ARM.Build.0 = Debug|Any CPU
		{1A150518-0776-41F1-A4BA-4C2D259D7D33}.Debug|iPhone.ActiveCfg = Debug|Any CPU
		{1A150518-0776-41F1-A4BA-4C2D259D7D33}.Debug|iPhone.Build.0 = Debug|Any CPU
		{1A150518-0776-41F1-A4BA-4C2D259D7D33}.Debug|iPhoneSimulator.ActiveCfg = Debug|Any CPU
		{1A150518-0776-41F1-A4BA-4C2D259D7D33}.Debug|iPhoneSimulator.Build.0 = Debug|Any CPU
		{1A150518-0776-41F1-A4BA-4C2D259D7D33}.Debug|x64.ActiveCfg = Debug|Any CPU
		{1A150518-0776-41F1-A4BA-4C2D259D7D33}.Debug|x64.Build.0 = Debug|Any CPU
		{1A150518-0776-41F1-A4BA-4C2D259D7D33}.Debug|x86.ActiveCfg = Debug|Any CPU
		{1A150518-0776-41F1-A4BA-4C2D259D7D33}.Debug|x86.Build.0 = Debug|Any CPU
		{1A150518-0776-41F1-A4BA-4C2D259D7D33}.Release|Any CPU.ActiveCfg = Release|Any CPU
		{1A150518-0776-41F1-A4BA-4C2D259D7D33}.Release|Any CPU.Build.0 = Release|Any CPU
		{1A150518-0776-41F1-A4BA-4C2D259D7D33}.Release|ARM.ActiveCfg = Release|Any CPU
		{1A150518-0776-41F1-A4BA-4C2D259D7D33}.Release|ARM.Build.0 = Release|Any CPU
		{1A150518-0776-41F1-A4BA-4C2D259D7D33}.Release|iPhone.ActiveCfg = Release|Any CPU
		{1A150518-0776-41F1-A4BA-4C2D259D7D33}.Release|iPhone.Build.0 = Release|Any CPU
		{1A150518-0776-41F1-A4BA-4C2D259D7D33}.Release|iPhoneSimulator.ActiveCfg = Release|Any CPU
		{1A150518-0776-41F1-A4BA-4C2D259D7D33}.Release|iPhoneSimulator.Build.0 = Release|Any CPU
		{1A150518-0776-41F1-A4BA-4C2D259D7D33}.Release|x64.ActiveCfg = Release|Any CPU
		{1A150518-0776-41F1-A4BA-4C2D259D7D33}.Release|x64.Build.0 = Release|Any CPU
		{1A150518-0776-41F1-A4BA-4C2D259D7D33}.Release|x86.ActiveCfg = Release|Any CPU
		{1A150518-0776-41F1-A4BA-4C2D259D7D33}.Release|x86.Build.0 = Release|Any CPU
		{391041ED-7EFE-4A01-BAD5-0ACBF00DD1E3}.Debug|Any CPU.ActiveCfg = Debug|Any CPU
		{391041ED-7EFE-4A01-BAD5-0ACBF00DD1E3}.Debug|Any CPU.Build.0 = Debug|Any CPU
		{391041ED-7EFE-4A01-BAD5-0ACBF00DD1E3}.Debug|ARM.ActiveCfg = Debug|Any CPU
		{391041ED-7EFE-4A01-BAD5-0ACBF00DD1E3}.Debug|ARM.Build.0 = Debug|Any CPU
		{391041ED-7EFE-4A01-BAD5-0ACBF00DD1E3}.Debug|iPhone.ActiveCfg = Debug|Any CPU
		{391041ED-7EFE-4A01-BAD5-0ACBF00DD1E3}.Debug|iPhone.Build.0 = Debug|Any CPU
		{391041ED-7EFE-4A01-BAD5-0ACBF00DD1E3}.Debug|iPhoneSimulator.ActiveCfg = Debug|Any CPU
		{391041ED-7EFE-4A01-BAD5-0ACBF00DD1E3}.Debug|iPhoneSimulator.Build.0 = Debug|Any CPU
		{391041ED-7EFE-4A01-BAD5-0ACBF00DD1E3}.Debug|x64.ActiveCfg = Debug|Any CPU
		{391041ED-7EFE-4A01-BAD5-0ACBF00DD1E3}.Debug|x64.Build.0 = Debug|Any CPU
		{391041ED-7EFE-4A01-BAD5-0ACBF00DD1E3}.Debug|x86.ActiveCfg = Debug|Any CPU
		{391041ED-7EFE-4A01-BAD5-0ACBF00DD1E3}.Debug|x86.Build.0 = Debug|Any CPU
		{391041ED-7EFE-4A01-BAD5-0ACBF00DD1E3}.Release|Any CPU.ActiveCfg = Release|Any CPU
		{391041ED-7EFE-4A01-BAD5-0ACBF00DD1E3}.Release|Any CPU.Build.0 = Release|Any CPU
		{391041ED-7EFE-4A01-BAD5-0ACBF00DD1E3}.Release|ARM.ActiveCfg = Release|Any CPU
		{391041ED-7EFE-4A01-BAD5-0ACBF00DD1E3}.Release|ARM.Build.0 = Release|Any CPU
		{391041ED-7EFE-4A01-BAD5-0ACBF00DD1E3}.Release|iPhone.ActiveCfg = Release|Any CPU
		{391041ED-7EFE-4A01-BAD5-0ACBF00DD1E3}.Release|iPhone.Build.0 = Release|Any CPU
		{391041ED-7EFE-4A01-BAD5-0ACBF00DD1E3}.Release|iPhoneSimulator.ActiveCfg = Release|Any CPU
		{391041ED-7EFE-4A01-BAD5-0ACBF00DD1E3}.Release|iPhoneSimulator.Build.0 = Release|Any CPU
		{391041ED-7EFE-4A01-BAD5-0ACBF00DD1E3}.Release|x64.ActiveCfg = Release|Any CPU
		{391041ED-7EFE-4A01-BAD5-0ACBF00DD1E3}.Release|x64.Build.0 = Release|Any CPU
		{391041ED-7EFE-4A01-BAD5-0ACBF00DD1E3}.Release|x86.ActiveCfg = Release|Any CPU
		{391041ED-7EFE-4A01-BAD5-0ACBF00DD1E3}.Release|x86.Build.0 = Release|Any CPU
		{71E96922-CD06-4EAC-842D-0D165C79D3C2}.Debug|Any CPU.ActiveCfg = Debug|Any CPU
		{71E96922-CD06-4EAC-842D-0D165C79D3C2}.Debug|Any CPU.Build.0 = Debug|Any CPU
		{71E96922-CD06-4EAC-842D-0D165C79D3C2}.Debug|ARM.ActiveCfg = Debug|Any CPU
		{71E96922-CD06-4EAC-842D-0D165C79D3C2}.Debug|ARM.Build.0 = Debug|Any CPU
		{71E96922-CD06-4EAC-842D-0D165C79D3C2}.Debug|iPhone.ActiveCfg = Debug|Any CPU
		{71E96922-CD06-4EAC-842D-0D165C79D3C2}.Debug|iPhone.Build.0 = Debug|Any CPU
		{71E96922-CD06-4EAC-842D-0D165C79D3C2}.Debug|iPhoneSimulator.ActiveCfg = Debug|Any CPU
		{71E96922-CD06-4EAC-842D-0D165C79D3C2}.Debug|iPhoneSimulator.Build.0 = Debug|Any CPU
		{71E96922-CD06-4EAC-842D-0D165C79D3C2}.Debug|x64.ActiveCfg = Debug|Any CPU
		{71E96922-CD06-4EAC-842D-0D165C79D3C2}.Debug|x64.Build.0 = Debug|Any CPU
		{71E96922-CD06-4EAC-842D-0D165C79D3C2}.Debug|x86.ActiveCfg = Debug|Any CPU
		{71E96922-CD06-4EAC-842D-0D165C79D3C2}.Debug|x86.Build.0 = Debug|Any CPU
		{71E96922-CD06-4EAC-842D-0D165C79D3C2}.Release|Any CPU.ActiveCfg = Release|Any CPU
		{71E96922-CD06-4EAC-842D-0D165C79D3C2}.Release|Any CPU.Build.0 = Release|Any CPU
		{71E96922-CD06-4EAC-842D-0D165C79D3C2}.Release|ARM.ActiveCfg = Release|Any CPU
		{71E96922-CD06-4EAC-842D-0D165C79D3C2}.Release|ARM.Build.0 = Release|Any CPU
		{71E96922-CD06-4EAC-842D-0D165C79D3C2}.Release|iPhone.ActiveCfg = Release|Any CPU
		{71E96922-CD06-4EAC-842D-0D165C79D3C2}.Release|iPhone.Build.0 = Release|Any CPU
		{71E96922-CD06-4EAC-842D-0D165C79D3C2}.Release|iPhoneSimulator.ActiveCfg = Release|Any CPU
		{71E96922-CD06-4EAC-842D-0D165C79D3C2}.Release|iPhoneSimulator.Build.0 = Release|Any CPU
		{71E96922-CD06-4EAC-842D-0D165C79D3C2}.Release|x64.ActiveCfg = Release|Any CPU
		{71E96922-CD06-4EAC-842D-0D165C79D3C2}.Release|x64.Build.0 = Release|Any CPU
		{71E96922-CD06-4EAC-842D-0D165C79D3C2}.Release|x86.ActiveCfg = Release|Any CPU
		{71E96922-CD06-4EAC-842D-0D165C79D3C2}.Release|x86.Build.0 = Release|Any CPU
	EndGlobalSection
	GlobalSection(SolutionProperties) = preSolution
		HideSolutionNode = FALSE
	EndGlobalSection
	GlobalSection(NestedProjects) = preSolution
		{5CB73DD7-53D0-4013-AADF-5994967298A4} = {DABCEE42-464B-420F-8D07-A73C2A501F0A}
		{38B96D49-4EC9-46A8-A83D-1389FE301200} = {DABCEE42-464B-420F-8D07-A73C2A501F0A}
		{10AAB0A2-9768-4FB4-99B4-BB44C05EDE9C} = {2D9CAF2F-64B9-481D-849A-438AB9B09DC2}
		{B126702C-9930-47E3-8659-113D7FE04459} = {0DB40E06-1133-4B03-9189-82952F335119}
		{4A2941ED-B31D-4BD7-BBEB-7C3501D3D81E} = {0DB40E06-1133-4B03-9189-82952F335119}
		{797647C1-838C-4185-91F8-0D2C719C252A} = {DABCEE42-464B-420F-8D07-A73C2A501F0A}
		{A42F93F0-C232-43BF-A5B4-C54605D7A37C} = {0DB40E06-1133-4B03-9189-82952F335119}
		{3844A130-C044-4C55-82C2-7B7C265ED5C1} = {797647C1-838C-4185-91F8-0D2C719C252A}
		{F2C35661-1E2F-477A-AC06-DBF715D56A73} = {797647C1-838C-4185-91F8-0D2C719C252A}
		{A0E00F0E-6D95-4548-994C-D87B916154A3} = {797647C1-838C-4185-91F8-0D2C719C252A}
		{73E79F74-5FBC-4E4E-AFFC-EFA7BD1CC78B} = {797647C1-838C-4185-91F8-0D2C719C252A}
		{71E96922-CD06-4EAC-842D-0D165C79D3C2} = {0DB40E06-1133-4B03-9189-82952F335119}
	EndGlobalSection
	GlobalSection(ExtensibilityGlobals) = postSolution
		SolutionGuid = {ED6533B7-4BAB-4BCC-95D9-141B5F813020}
	EndGlobalSection
EndGlobal
