
Microsoft Visual Studio Solution File, Format Version 12.00
# Visual Studio Version 16
VisualStudioVersion = 16.0.29728.190
MinimumVisualStudioVersion = 10.0.40219.1
Project("{2150E333-8FDC-42A3-9474-1A3956D46DE8}") = "Test", "Test", "{0DB40E06-1133-4B03-9189-82952F335119}"
EndProject
Project("{2150E333-8FDC-42A3-9474-1A3956D46DE8}") = "Samples", "Samples", "{DABCEE42-464B-420F-8D07-A73C2A501F0A}"
EndProject
Project("{9A19103F-16F7-4668-BE54-9A1E7A4F7556}") = "samplesl", "src\Shot.Licensing\samplesl.csproj", "{8961226A-AB93-4080-AC1C-E131A57AE433}"
EndProject
Project("{9A19103F-16F7-4668-BE54-9A1E7A4F7556}") = "samplesl.Cli", "src\Shot.Licensing.Cli\samplesl.Cli.csproj", "{CCBF783A-86E5-4DE6-8CA7-E78C44E174AD}"
EndProject
Project("{9A19103F-16F7-4668-BE54-9A1E7A4F7556}") = "samplesl.Test", "test\Shot.Licensing.Test\samplesl.Test.csproj", "{B3031946-ED08-4F18-9F95-4D66F054DF5E}"
EndProject
Project("{9A19103F-16F7-4668-BE54-9A1E7A4F7556}") = "samplesl.Sample_Console", "src\Shot.Licensing.Sample_Console\samplesl.Sample_Console.csproj", "{D21F1AED-21AC-46B6-8F41-9C03CB54EAE6}"
EndProject
Project("{9A19103F-16F7-4668-BE54-9A1E7A4F7556}") = "samplesl.Svr", "src\Shot.Licensing.Svr\samplesl.Svr.csproj", "{BA87D90F-702D-49B9-9EAF-612542C6DD09}"
EndProject
Project("{9A19103F-16F7-4668-BE54-9A1E7A4F7556}") = "samplesl.Sample_XamarinForms.Test", "test\samplesl.Sample_XamarinForms.Test\samplesl.Sample_XamarinForms.Test.csproj", "{30FE09AD-B722-4A7B-A5C3-2F6A07DB81FA}"
EndProject
Project("{9A19103F-16F7-4668-BE54-9A1E7A4F7556}") = "samplesl.Sample_Console_ServerLicenseFetch", "src\Shot.Licensing.Sample_Console_ServerLicenseFetch\samplesl.Sample_Console_ServerLicenseFetch.csproj", "{9967E4A6-D7EB-43EE-95BB-E23CA9E30E3A}"
EndProject
Project("{2150E333-8FDC-42A3-9474-1A3956D46DE8}") = "Xamarin", "Xamarin", "{97A52235-E096-4FD0-A4F0-725E95C4BAFF}"
EndProject
Project("{FAE04EC0-301F-11D3-BF4B-00C04F79EFBC}") = "samplesl.Sample_Wpf", "src\Shot.Licensing.Sample_Wpf\samplesl.Sample_Wpf.csproj", "{18AFD0DC-A36A-4578-9E29-5FFDE533871C}"
EndProject
Global
	GlobalSection(SolutionConfigurationPlatforms) = preSolution
		Debug|Any CPU = Debug|Any CPU
		Debug|ARM = Debug|ARM
		Debug|iPhone = Debug|iPhone
		Debug|iPhoneSimulator = Debug|iPhoneSimulator
		Debug|x64 = Debug|x64
		Debug|x86 = Debug|x86
		Release|Any CPU = Release|Any CPU
		Release|ARM = Release|ARM
		Release|iPhone = Release|iPhone
		Release|iPhoneSimulator = Release|iPhoneSimulator
		Release|x64 = Release|x64
		Release|x86 = Release|x86
	EndGlobalSection
	GlobalSection(ProjectConfigurationPlatforms) = postSolution
		{8961226A-AB93-4080-AC1C-E131A57AE433}.Debug|Any CPU.ActiveCfg = Debug|Any CPU
		{8961226A-AB93-4080-AC1C-E131A57AE433}.Debug|Any CPU.Build.0 = Debug|Any CPU
		{8961226A-AB93-4080-AC1C-E131A57AE433}.Debug|ARM.ActiveCfg = Debug|Any CPU
		{8961226A-AB93-4080-AC1C-E131A57AE433}.Debug|ARM.Build.0 = Debug|Any CPU
		{8961226A-AB93-4080-AC1C-E131A57AE433}.Debug|iPhone.ActiveCfg = Debug|Any CPU
		{8961226A-AB93-4080-AC1C-E131A57AE433}.Debug|iPhone.Build.0 = Debug|Any CPU
		{8961226A-AB93-4080-AC1C-E131A57AE433}.Debug|iPhoneSimulator.ActiveCfg = Debug|Any CPU
		{8961226A-AB93-4080-AC1C-E131A57AE433}.Debug|iPhoneSimulator.Build.0 = Debug|Any CPU
		{8961226A-AB93-4080-AC1C-E131A57AE433}.Debug|x64.ActiveCfg = Debug|Any CPU
		{8961226A-AB93-4080-AC1C-E131A57AE433}.Debug|x64.Build.0 = Debug|Any CPU
		{8961226A-AB93-4080-AC1C-E131A57AE433}.Debug|x86.ActiveCfg = Debug|Any CPU
		{8961226A-AB93-4080-AC1C-E131A57AE433}.Debug|x86.Build.0 = Debug|Any CPU
		{8961226A-AB93-4080-AC1C-E131A57AE433}.Release|Any CPU.ActiveCfg = Release|Any CPU
		{8961226A-AB93-4080-AC1C-E131A57AE433}.Release|Any CPU.Build.0 = Release|Any CPU
		{8961226A-AB93-4080-AC1C-E131A57AE433}.Release|ARM.ActiveCfg = Release|Any CPU
		{8961226A-AB93-4080-AC1C-E131A57AE433}.Release|ARM.Build.0 = Release|Any CPU
		{8961226A-AB93-4080-AC1C-E131A57AE433}.Release|iPhone.ActiveCfg = Release|Any CPU
		{8961226A-AB93-4080-AC1C-E131A57AE433}.Release|iPhone.Build.0 = Release|Any CPU
		{8961226A-AB93-4080-AC1C-E131A57AE433}.Release|iPhoneSimulator.ActiveCfg = Release|Any CPU
		{8961226A-AB93-4080-AC1C-E131A57AE433}.Release|iPhoneSimulator.Build.0 = Release|Any CPU
		{8961226A-AB93-4080-AC1C-E131A57AE433}.Release|x64.ActiveCfg = Release|Any CPU
		{8961226A-AB93-4080-AC1C-E131A57AE433}.Release|x64.Build.0 = Release|Any CPU
		{8961226A-AB93-4080-AC1C-E131A57AE433}.Release|x86.ActiveCfg = Release|Any CPU
		{8961226A-AB93-4080-AC1C-E131A57AE433}.Release|x86.Build.0 = Release|Any CPU
		{CCBF783A-86E5-4DE6-8CA7-E78C44E174AD}.Debug|Any CPU.ActiveCfg = Debug|Any CPU
		{CCBF783A-86E5-4DE6-8CA7-E78C44E174AD}.Debug|Any CPU.Build.0 = Debug|Any CPU
		{CCBF783A-86E5-4DE6-8CA7-E78C44E174AD}.Debug|ARM.ActiveCfg = Debug|Any CPU
		{CCBF783A-86E5-4DE6-8CA7-E78C44E174AD}.Debug|ARM.Build.0 = Debug|Any CPU
		{CCBF783A-86E5-4DE6-8CA7-E78C44E174AD}.Debug|iPhone.ActiveCfg = Debug|Any CPU
		{CCBF783A-86E5-4DE6-8CA7-E78C44E174AD}.Debug|iPhone.Build.0 = Debug|Any CPU
		{CCBF783A-86E5-4DE6-8CA7-E78C44E174AD}.Debug|iPhoneSimulator.ActiveCfg = Debug|Any CPU
		{CCBF783A-86E5-4DE6-8CA7-E78C44E174AD}.Debug|iPhoneSimulator.Build.0 = Debug|Any CPU
		{CCBF783A-86E5-4DE6-8CA7-E78C44E174AD}.Debug|x64.ActiveCfg = Debug|Any CPU
		{CCBF783A-86E5-4DE6-8CA7-E78C44E174AD}.Debug|x64.Build.0 = Debug|Any CPU
		{CCBF783A-86E5-4DE6-8CA7-E78C44E174AD}.Debug|x86.ActiveCfg = Debug|Any CPU
		{CCBF783A-86E5-4DE6-8CA7-E78C44E174AD}.Debug|x86.Build.0 = Debug|Any CPU
		{CCBF783A-86E5-4DE6-8CA7-E78C44E174AD}.Release|Any CPU.ActiveCfg = Release|Any CPU
		{CCBF783A-86E5-4DE6-8CA7-E78C44E174AD}.Release|Any CPU.Build.0 = Release|Any CPU
		{CCBF783A-86E5-4DE6-8CA7-E78C44E174AD}.Release|ARM.ActiveCfg = Release|Any CPU
		{CCBF783A-86E5-4DE6-8CA7-E78C44E174AD}.Release|ARM.Build.0 = Release|Any CPU
		{CCBF783A-86E5-4DE6-8CA7-E78C44E174AD}.Release|iPhone.ActiveCfg = Release|Any CPU
		{CCBF783A-86E5-4DE6-8CA7-E78C44E174AD}.Release|iPhone.Build.0 = Release|Any CPU
		{CCBF783A-86E5-4DE6-8CA7-E78C44E174AD}.Release|iPhoneSimulator.ActiveCfg = Release|Any CPU
		{CCBF783A-86E5-4DE6-8CA7-E78C44E174AD}.Release|iPhoneSimulator.Build.0 = Release|Any CPU
		{CCBF783A-86E5-4DE6-8CA7-E78C44E174AD}.Release|x64.ActiveCfg = Release|Any CPU
		{CCBF783A-86E5-4DE6-8CA7-E78C44E174AD}.Release|x64.Build.0 = Release|Any CPU
		{CCBF783A-86E5-4DE6-8CA7-E78C44E174AD}.Release|x86.ActiveCfg = Release|Any CPU
		{CCBF783A-86E5-4DE6-8CA7-E78C44E174AD}.Release|x86.Build.0 = Release|Any CPU
		{B3031946-ED08-4F18-9F95-4D66F054DF5E}.Debug|Any CPU.ActiveCfg = Debug|Any CPU
		{B3031946-ED08-4F18-9F95-4D66F054DF5E}.Debug|Any CPU.Build.0 = Debug|Any CPU
		{B3031946-ED08-4F18-9F95-4D66F054DF5E}.Debug|ARM.ActiveCfg = Debug|Any CPU
		{B3031946-ED08-4F18-9F95-4D66F054DF5E}.Debug|ARM.Build.0 = Debug|Any CPU
		{B3031946-ED08-4F18-9F95-4D66F054DF5E}.Debug|iPhone.ActiveCfg = Debug|Any CPU
		{B3031946-ED08-4F18-9F95-4D66F054DF5E}.Debug|iPhone.Build.0 = Debug|Any CPU
		{B3031946-ED08-4F18-9F95-4D66F054DF5E}.Debug|iPhoneSimulator.ActiveCfg = Debug|Any CPU
		{B3031946-ED08-4F18-9F95-4D66F054DF5E}.Debug|iPhoneSimulator.Build.0 = Debug|Any CPU
		{B3031946-ED08-4F18-9F95-4D66F054DF5E}.Debug|x64.ActiveCfg = Debug|Any CPU
		{B3031946-ED08-4F18-9F95-4D66F054DF5E}.Debug|x64.Build.0 = Debug|Any CPU
		{B3031946-ED08-4F18-9F95-4D66F054DF5E}.Debug|x86.ActiveCfg = Debug|Any CPU
		{B3031946-ED08-4F18-9F95-4D66F054DF5E}.Debug|x86.Build.0 = Debug|Any CPU
		{B3031946-ED08-4F18-9F95-4D66F054DF5E}.Release|Any CPU.ActiveCfg = Release|Any CPU
		{B3031946-ED08-4F18-9F95-4D66F054DF5E}.Release|Any CPU.Build.0 = Release|Any CPU
		{B3031946-ED08-4F18-9F95-4D66F054DF5E}.Release|ARM.ActiveCfg = Release|Any CPU
		{B3031946-ED08-4F18-9F95-4D66F054DF5E}.Release|ARM.Build.0 = Release|Any CPU
		{B3031946-ED08-4F18-9F95-4D66F054DF5E}.Release|iPhone.ActiveCfg = Release|Any CPU
		{B3031946-ED08-4F18-9F95-4D66F054DF5E}.Release|iPhone.Build.0 = Release|Any CPU
		{B3031946-ED08-4F18-9F95-4D66F054DF5E}.Release|iPhoneSimulator.ActiveCfg = Release|Any CPU
		{B3031946-ED08-4F18-9F95-4D66F054DF5E}.Release|iPhoneSimulator.Build.0 = Release|Any CPU
		{B3031946-ED08-4F18-9F95-4D66F054DF5E}.Release|x64.ActiveCfg = Release|Any CPU
		{B3031946-ED08-4F18-9F95-4D66F054DF5E}.Release|x64.Build.0 = Release|Any CPU
		{B3031946-ED08-4F18-9F95-4D66F054DF5E}.Release|x86.ActiveCfg = Release|Any CPU
		{B3031946-ED08-4F18-9F95-4D66F054DF5E}.Release|x86.Build.0 = Release|Any CPU
		{D21F1AED-21AC-46B6-8F41-9C03CB54EAE6}.Debug|Any CPU.ActiveCfg = Debug|Any CPU
		{D21F1AED-21AC-46B6-8F41-9C03CB54EAE6}.Debug|Any CPU.Build.0 = Debug|Any CPU
		{D21F1AED-21AC-46B6-8F41-9C03CB54EAE6}.Debug|ARM.ActiveCfg = Debug|Any CPU
		{D21F1AED-21AC-46B6-8F41-9C03CB54EAE6}.Debug|ARM.Build.0 = Debug|Any CPU
		{D21F1AED-21AC-46B6-8F41-9C03CB54EAE6}.Debug|iPhone.ActiveCfg = Debug|Any CPU
		{D21F1AED-21AC-46B6-8F41-9C03CB54EAE6}.Debug|iPhone.Build.0 = Debug|Any CPU
		{D21F1AED-21AC-46B6-8F41-9C03CB54EAE6}.Debug|iPhoneSimulator.ActiveCfg = Debug|Any CPU
		{D21F1AED-21AC-46B6-8F41-9C03CB54EAE6}.Debug|iPhoneSimulator.Build.0 = Debug|Any CPU
		{D21F1AED-21AC-46B6-8F41-9C03CB54EAE6}.Debug|x64.ActiveCfg = Debug|Any CPU
		{D21F1AED-21AC-46B6-8F41-9C03CB54EAE6}.Debug|x64.Build.0 = Debug|Any CPU
		{D21F1AED-21AC-46B6-8F41-9C03CB54EAE6}.Debug|x86.ActiveCfg = Debug|Any CPU
		{D21F1AED-21AC-46B6-8F41-9C03CB54EAE6}.Debug|x86.Build.0 = Debug|Any CPU
		{D21F1AED-21AC-46B6-8F41-9C03CB54EAE6}.Release|Any CPU.ActiveCfg = Release|Any CPU
		{D21F1AED-21AC-46B6-8F41-9C03CB54EAE6}.Release|Any CPU.Build.0 = Release|Any CPU
		{D21F1AED-21AC-46B6-8F41-9C03CB54EAE6}.Release|ARM.ActiveCfg = Release|Any CPU
		{D21F1AED-21AC-46B6-8F41-9C03CB54EAE6}.Release|ARM.Build.0 = Release|Any CPU
		{D21F1AED-21AC-46B6-8F41-9C03CB54EAE6}.Release|iPhone.ActiveCfg = Release|Any CPU
		{D21F1AED-21AC-46B6-8F41-9C03CB54EAE6}.Release|iPhone.Build.0 = Release|Any CPU
		{D21F1AED-21AC-46B6-8F41-9C03CB54EAE6}.Release|iPhoneSimulator.ActiveCfg = Release|Any CPU
		{D21F1AED-21AC-46B6-8F41-9C03CB54EAE6}.Release|iPhoneSimulator.Build.0 = Release|Any CPU
		{D21F1AED-21AC-46B6-8F41-9C03CB54EAE6}.Release|x64.ActiveCfg = Release|Any CPU
		{D21F1AED-21AC-46B6-8F41-9C03CB54EAE6}.Release|x64.Build.0 = Release|Any CPU
		{D21F1AED-21AC-46B6-8F41-9C03CB54EAE6}.Release|x86.ActiveCfg = Release|Any CPU
		{D21F1AED-21AC-46B6-8F41-9C03CB54EAE6}.Release|x86.Build.0 = Release|Any CPU
		{BA87D90F-702D-49B9-9EAF-612542C6DD09}.Debug|Any CPU.ActiveCfg = Debug|Any CPU
		{BA87D90F-702D-49B9-9EAF-612542C6DD09}.Debug|Any CPU.Build.0 = Debug|Any CPU
		{BA87D90F-702D-49B9-9EAF-612542C6DD09}.Debug|ARM.ActiveCfg = Debug|Any CPU
		{BA87D90F-702D-49B9-9EAF-612542C6DD09}.Debug|ARM.Build.0 = Debug|Any CPU
		{BA87D90F-702D-49B9-9EAF-612542C6DD09}.Debug|iPhone.ActiveCfg = Debug|Any CPU
		{BA87D90F-702D-49B9-9EAF-612542C6DD09}.Debug|iPhone.Build.0 = Debug|Any CPU
		{BA87D90F-702D-49B9-9EAF-612542C6DD09}.Debug|iPhoneSimulator.ActiveCfg = Debug|Any CPU
		{BA87D90F-702D-49B9-9EAF-612542C6DD09}.Debug|iPhoneSimulator.Build.0 = Debug|Any CPU
		{BA87D90F-702D-49B9-9EAF-612542C6DD09}.Debug|x64.ActiveCfg = Debug|Any CPU
		{BA87D90F-702D-49B9-9EAF-612542C6DD09}.Debug|x64.Build.0 = Debug|Any CPU
		{BA87D90F-702D-49B9-9EAF-612542C6DD09}.Debug|x86.ActiveCfg = Debug|Any CPU
		{BA87D90F-702D-49B9-9EAF-612542C6DD09}.Debug|x86.Build.0 = Debug|Any CPU
		{BA87D90F-702D-49B9-9EAF-612542C6DD09}.Release|Any CPU.ActiveCfg = Release|Any CPU
		{BA87D90F-702D-49B9-9EAF-612542C6DD09}.Release|Any CPU.Build.0 = Release|Any CPU
		{BA87D90F-702D-49B9-9EAF-612542C6DD09}.Release|ARM.ActiveCfg = Release|Any CPU
		{BA87D90F-702D-49B9-9EAF-612542C6DD09}.Release|ARM.Build.0 = Release|Any CPU
		{BA87D90F-702D-49B9-9EAF-612542C6DD09}.Release|iPhone.ActiveCfg = Release|Any CPU
		{BA87D90F-702D-49B9-9EAF-612542C6DD09}.Release|iPhone.Build.0 = Release|Any CPU
		{BA87D90F-702D-49B9-9EAF-612542C6DD09}.Release|iPhoneSimulator.ActiveCfg = Release|Any CPU
		{BA87D90F-702D-49B9-9EAF-612542C6DD09}.Release|iPhoneSimulator.Build.0 = Release|Any CPU
		{BA87D90F-702D-49B9-9EAF-612542C6DD09}.Release|x64.ActiveCfg = Release|Any CPU
		{BA87D90F-702D-49B9-9EAF-612542C6DD09}.Release|x64.Build.0 = Release|Any CPU
		{BA87D90F-702D-49B9-9EAF-612542C6DD09}.Release|x86.ActiveCfg = Release|Any CPU
		{BA87D90F-702D-49B9-9EAF-612542C6DD09}.Release|x86.Build.0 = Release|Any CPU
		{30FE09AD-B722-4A7B-A5C3-2F6A07DB81FA}.Debug|Any CPU.ActiveCfg = Debug|Any CPU
		{30FE09AD-B722-4A7B-A5C3-2F6A07DB81FA}.Debug|Any CPU.Build.0 = Debug|Any CPU
		{30FE09AD-B722-4A7B-A5C3-2F6A07DB81FA}.Debug|ARM.ActiveCfg = Debug|Any CPU
		{30FE09AD-B722-4A7B-A5C3-2F6A07DB81FA}.Debug|ARM.Build.0 = Debug|Any CPU
		{30FE09AD-B722-4A7B-A5C3-2F6A07DB81FA}.Debug|iPhone.ActiveCfg = Debug|Any CPU
		{30FE09AD-B722-4A7B-A5C3-2F6A07DB81FA}.Debug|iPhone.Build.0 = Debug|Any CPU
		{30FE09AD-B722-4A7B-A5C3-2F6A07DB81FA}.Debug|iPhoneSimulator.ActiveCfg = Debug|Any CPU
		{30FE09AD-B722-4A7B-A5C3-2F6A07DB81FA}.Debug|iPhoneSimulator.Build.0 = Debug|Any CPU
		{30FE09AD-B722-4A7B-A5C3-2F6A07DB81FA}.Debug|x64.ActiveCfg = Debug|Any CPU
		{30FE09AD-B722-4A7B-A5C3-2F6A07DB81FA}.Debug|x64.Build.0 = Debug|Any CPU
		{30FE09AD-B722-4A7B-A5C3-2F6A07DB81FA}.Debug|x86.ActiveCfg = Debug|Any CPU
		{30FE09AD-B722-4A7B-A5C3-2F6A07DB81FA}.Debug|x86.Build.0 = Debug|Any CPU
		{30FE09AD-B722-4A7B-A5C3-2F6A07DB81FA}.Release|Any CPU.ActiveCfg = Release|Any CPU
		{30FE09AD-B722-4A7B-A5C3-2F6A07DB81FA}.Release|Any CPU.Build.0 = Release|Any CPU
		{30FE09AD-B722-4A7B-A5C3-2F6A07DB81FA}.Release|ARM.ActiveCfg = Release|Any CPU
		{30FE09AD-B722-4A7B-A5C3-2F6A07DB81FA}.Release|ARM.Build.0 = Release|Any CPU
		{30FE09AD-B722-4A7B-A5C3-2F6A07DB81FA}.Release|iPhone.ActiveCfg = Release|Any CPU
		{30FE09AD-B722-4A7B-A5C3-2F6A07DB81FA}.Release|iPhone.Build.0 = Release|Any CPU
		{30FE09AD-B722-4A7B-A5C3-2F6A07DB81FA}.Release|iPhoneSimulator.ActiveCfg = Release|Any CPU
		{30FE09AD-B722-4A7B-A5C3-2F6A07DB81FA}.Release|iPhoneSimulator.Build.0 = Release|Any CPU
		{30FE09AD-B722-4A7B-A5C3-2F6A07DB81FA}.Release|x64.ActiveCfg = Release|Any CPU
		{30FE09AD-B722-4A7B-A5C3-2F6A07DB81FA}.Release|x64.Build.0 = Release|Any CPU
		{30FE09AD-B722-4A7B-A5C3-2F6A07DB81FA}.Release|x86.ActiveCfg = Release|Any CPU
		{30FE09AD-B722-4A7B-A5C3-2F6A07DB81FA}.Release|x86.Build.0 = Release|Any CPU
		{9967E4A6-D7EB-43EE-95BB-E23CA9E30E3A}.Debug|Any CPU.ActiveCfg = Debug|Any CPU
		{9967E4A6-D7EB-43EE-95BB-E23CA9E30E3A}.Debug|Any CPU.Build.0 = Debug|Any CPU
		{9967E4A6-D7EB-43EE-95BB-E23CA9E30E3A}.Debug|ARM.ActiveCfg = Debug|Any CPU
		{9967E4A6-D7EB-43EE-95BB-E23CA9E30E3A}.Debug|ARM.Build.0 = Debug|Any CPU
		{9967E4A6-D7EB-43EE-95BB-E23CA9E30E3A}.Debug|iPhone.ActiveCfg = Debug|Any CPU
		{9967E4A6-D7EB-43EE-95BB-E23CA9E30E3A}.Debug|iPhone.Build.0 = Debug|Any CPU
		{9967E4A6-D7EB-43EE-95BB-E23CA9E30E3A}.Debug|iPhoneSimulator.ActiveCfg = Debug|Any CPU
		{9967E4A6-D7EB-43EE-95BB-E23CA9E30E3A}.Debug|iPhoneSimulator.Build.0 = Debug|Any CPU
		{9967E4A6-D7EB-43EE-95BB-E23CA9E30E3A}.Debug|x64.ActiveCfg = Debug|Any CPU
		{9967E4A6-D7EB-43EE-95BB-E23CA9E30E3A}.Debug|x64.Build.0 = Debug|Any CPU
		{9967E4A6-D7EB-43EE-95BB-E23CA9E30E3A}.Debug|x86.ActiveCfg = Debug|Any CPU
		{9967E4A6-D7EB-43EE-95BB-E23CA9E30E3A}.Debug|x86.Build.0 = Debug|Any CPU
		{9967E4A6-D7EB-43EE-95BB-E23CA9E30E3A}.Release|Any CPU.ActiveCfg = Release|Any CPU
		{9967E4A6-D7EB-43EE-95BB-E23CA9E30E3A}.Release|Any CPU.Build.0 = Release|Any CPU
		{9967E4A6-D7EB-43EE-95BB-E23CA9E30E3A}.Release|ARM.ActiveCfg = Release|Any CPU
		{9967E4A6-D7EB-43EE-95BB-E23CA9E30E3A}.Release|ARM.Build.0 = Release|Any CPU
		{9967E4A6-D7EB-43EE-95BB-E23CA9E30E3A}.Release|iPhone.ActiveCfg = Release|Any CPU
		{9967E4A6-D7EB-43EE-95BB-E23CA9E30E3A}.Release|iPhone.Build.0 = Release|Any CPU
		{9967E4A6-D7EB-43EE-95BB-E23CA9E30E3A}.Release|iPhoneSimulator.ActiveCfg = Release|Any CPU
		{9967E4A6-D7EB-43EE-95BB-E23CA9E30E3A}.Release|iPhoneSimulator.Build.0 = Release|Any CPU
		{9967E4A6-D7EB-43EE-95BB-E23CA9E30E3A}.Release|x64.ActiveCfg = Release|Any CPU
		{9967E4A6-D7EB-43EE-95BB-E23CA9E30E3A}.Release|x64.Build.0 = Release|Any CPU
		{9967E4A6-D7EB-43EE-95BB-E23CA9E30E3A}.Release|x86.ActiveCfg = Release|Any CPU
		{9967E4A6-D7EB-43EE-95BB-E23CA9E30E3A}.Release|x86.Build.0 = Release|Any CPU
		{18AFD0DC-A36A-4578-9E29-5FFDE533871C}.Debug|Any CPU.ActiveCfg = Debug|Any CPU
		{18AFD0DC-A36A-4578-9E29-5FFDE533871C}.Debug|Any CPU.Build.0 = Debug|Any CPU
		{18AFD0DC-A36A-4578-9E29-5FFDE533871C}.Debug|ARM.ActiveCfg = Debug|Any CPU
		{18AFD0DC-A36A-4578-9E29-5FFDE533871C}.Debug|ARM.Build.0 = Debug|Any CPU
		{18AFD0DC-A36A-4578-9E29-5FFDE533871C}.Debug|iPhone.ActiveCfg = Debug|Any CPU
		{18AFD0DC-A36A-4578-9E29-5FFDE533871C}.Debug|iPhone.Build.0 = Debug|Any CPU
		{18AFD0DC-A36A-4578-9E29-5FFDE533871C}.Debug|iPhoneSimulator.ActiveCfg = Debug|Any CPU
		{18AFD0DC-A36A-4578-9E29-5FFDE533871C}.Debug|iPhoneSimulator.Build.0 = Debug|Any CPU
		{18AFD0DC-A36A-4578-9E29-5FFDE533871C}.Debug|x64.ActiveCfg = Debug|Any CPU
		{18AFD0DC-A36A-4578-9E29-5FFDE533871C}.Debug|x64.Build.0 = Debug|Any CPU
		{18AFD0DC-A36A-4578-9E29-5FFDE533871C}.Debug|x86.ActiveCfg = Debug|Any CPU
		{18AFD0DC-A36A-4578-9E29-5FFDE533871C}.Debug|x86.Build.0 = Debug|Any CPU
		{18AFD0DC-A36A-4578-9E29-5FFDE533871C}.Release|Any CPU.ActiveCfg = Release|Any CPU
		{18AFD0DC-A36A-4578-9E29-5FFDE533871C}.Release|Any CPU.Build.0 = Release|Any CPU
		{18AFD0DC-A36A-4578-9E29-5FFDE533871C}.Release|ARM.ActiveCfg = Release|Any CPU
		{18AFD0DC-A36A-4578-9E29-5FFDE533871C}.Release|ARM.Build.0 = Release|Any CPU
		{18AFD0DC-A36A-4578-9E29-5FFDE533871C}.Release|iPhone.ActiveCfg = Release|Any CPU
		{18AFD0DC-A36A-4578-9E29-5FFDE533871C}.Release|iPhone.Build.0 = Release|Any CPU
		{18AFD0DC-A36A-4578-9E29-5FFDE533871C}.Release|iPhoneSimulator.ActiveCfg = Release|Any CPU
		{18AFD0DC-A36A-4578-9E29-5FFDE533871C}.Release|iPhoneSimulator.Build.0 = Release|Any CPU
		{18AFD0DC-A36A-4578-9E29-5FFDE533871C}.Release|x64.ActiveCfg = Release|Any CPU
		{18AFD0DC-A36A-4578-9E29-5FFDE533871C}.Release|x64.Build.0 = Release|Any CPU
		{18AFD0DC-A36A-4578-9E29-5FFDE533871C}.Release|x86.ActiveCfg = Release|Any CPU
		{18AFD0DC-A36A-4578-9E29-5FFDE533871C}.Release|x86.Build.0 = Release|Any CPU
	EndGlobalSection
	GlobalSection(SolutionProperties) = preSolution
		HideSolutionNode = FALSE
	EndGlobalSection
	GlobalSection(NestedProjects) = preSolution
		{B3031946-ED08-4F18-9F95-4D66F054DF5E} = {0DB40E06-1133-4B03-9189-82952F335119}
		{D21F1AED-21AC-46B6-8F41-9C03CB54EAE6} = {DABCEE42-464B-420F-8D07-A73C2A501F0A}
		{30FE09AD-B722-4A7B-A5C3-2F6A07DB81FA} = {0DB40E06-1133-4B03-9189-82952F335119}
		{9967E4A6-D7EB-43EE-95BB-E23CA9E30E3A} = {DABCEE42-464B-420F-8D07-A73C2A501F0A}
		{97A52235-E096-4FD0-A4F0-725E95C4BAFF} = {DABCEE42-464B-420F-8D07-A73C2A501F0A}
		{18AFD0DC-A36A-4578-9E29-5FFDE533871C} = {DABCEE42-464B-420F-8D07-A73C2A501F0A}
	EndGlobalSection
	GlobalSection(ExtensibilityGlobals) = postSolution
		SolutionGuid = {ED6533B7-4BAB-4BCC-95D9-141B5F813020}
	EndGlobalSection
EndGlobal
