
Microsoft Visual Studio Solution File, Format Version 12.00
# Visual Studio Version 16
VisualStudioVersion = 16.0.29728.190
MinimumVisualStudioVersion = 10.0.40219.1
Project("{2150E333-8FDC-42A3-9474-1A3956D46DE8}") = "Test", "Test", "{0DB40E06-1133-4B03-9189-82952F335119}"
EndProject
Project("{2150E333-8FDC-42A3-9474-1A3956D46DE8}") = "Samples", "Samples", "{DABCEE42-464B-420F-8D07-A73C2A501F0A}"
EndProject
Project("{9A19103F-16F7-4668-BE54-9A1E7A4F7556}") = "Shot.Licensing", "src\Shot.Licensing\Shot.Licensing.csproj", "{8961226A-AB93-4080-AC1C-E131A57AE433}"
EndProject
Project("{9A19103F-16F7-4668-BE54-9A1E7A4F7556}") = "Shot.Licensing.Cli", "src\Shot.Licensing.Cli\Shot.Licensing.Cli.csproj", "{CCBF783A-86E5-4DE6-8CA7-E78C44E174AD}"
EndProject
Project("{9A19103F-16F7-4668-BE54-9A1E7A4F7556}") = "Shot.Licensing.Test", "test\Shot.Licensing.Test\Shot.Licensing.Test.csproj", "{B3031946-ED08-4F18-9F95-4D66F054DF5E}"
EndProject
Project("{FAE04EC0-301F-11D3-BF4B-00C04F79EFBC}") = "Shot.Licensing.Sample_Console", "src\Shot.Licensing.Sample_Console\Shot.Licensing.Sample_Console.csproj", "{D21F1AED-21AC-46B6-8F41-9C03CB54EAE6}"
EndProject
Global
	GlobalSection(SolutionConfigurationPlatforms) = preSolution
		Debug|Any CPU = Debug|Any CPU
		Release|Any CPU = Release|Any CPU
	EndGlobalSection
	GlobalSection(ProjectConfigurationPlatforms) = postSolution
		{8961226A-AB93-4080-AC1C-E131A57AE433}.Debug|Any CPU.ActiveCfg = Debug|Any CPU
		{8961226A-AB93-4080-AC1C-E131A57AE433}.Debug|Any CPU.Build.0 = Debug|Any CPU
		{8961226A-AB93-4080-AC1C-E131A57AE433}.Release|Any CPU.ActiveCfg = Release|Any CPU
		{8961226A-AB93-4080-AC1C-E131A57AE433}.Release|Any CPU.Build.0 = Release|Any CPU
		{CCBF783A-86E5-4DE6-8CA7-E78C44E174AD}.Debug|Any CPU.ActiveCfg = Debug|Any CPU
		{CCBF783A-86E5-4DE6-8CA7-E78C44E174AD}.Debug|Any CPU.Build.0 = Debug|Any CPU
		{CCBF783A-86E5-4DE6-8CA7-E78C44E174AD}.Release|Any CPU.ActiveCfg = Release|Any CPU
		{CCBF783A-86E5-4DE6-8CA7-E78C44E174AD}.Release|Any CPU.Build.0 = Release|Any CPU
		{B3031946-ED08-4F18-9F95-4D66F054DF5E}.Debug|Any CPU.ActiveCfg = Debug|Any CPU
		{B3031946-ED08-4F18-9F95-4D66F054DF5E}.Debug|Any CPU.Build.0 = Debug|Any CPU
		{B3031946-ED08-4F18-9F95-4D66F054DF5E}.Release|Any CPU.ActiveCfg = Release|Any CPU
		{B3031946-ED08-4F18-9F95-4D66F054DF5E}.Release|Any CPU.Build.0 = Release|Any CPU
		{D21F1AED-21AC-46B6-8F41-9C03CB54EAE6}.Debug|Any CPU.ActiveCfg = Debug|Any CPU
		{D21F1AED-21AC-46B6-8F41-9C03CB54EAE6}.Debug|Any CPU.Build.0 = Debug|Any CPU
		{D21F1AED-21AC-46B6-8F41-9C03CB54EAE6}.Release|Any CPU.ActiveCfg = Release|Any CPU
		{D21F1AED-21AC-46B6-8F41-9C03CB54EAE6}.Release|Any CPU.Build.0 = Release|Any CPU
	EndGlobalSection
	GlobalSection(SolutionProperties) = preSolution
		HideSolutionNode = FALSE
	EndGlobalSection
	GlobalSection(NestedProjects) = preSolution
		{B3031946-ED08-4F18-9F95-4D66F054DF5E} = {0DB40E06-1133-4B03-9189-82952F335119}
		{D21F1AED-21AC-46B6-8F41-9C03CB54EAE6} = {DABCEE42-464B-420F-8D07-A73C2A501F0A}
	EndGlobalSection
	GlobalSection(ExtensibilityGlobals) = postSolution
		SolutionGuid = {ED6533B7-4BAB-4BCC-95D9-141B5F813020}
	EndGlobalSection
EndGlobal
