
Microsoft Visual Studio Solution File, Format Version 12.00
# Visual Studio Version 16
VisualStudioVersion = 16.0.29728.190
MinimumVisualStudioVersion = 10.0.40219.1
Project("{2150E333-8FDC-42A3-9474-1A3956D46DE8}") = "Test", "Test", "{0DB40E06-1133-4B03-9189-82952F335119}"
EndProject
Project("{2150E333-8FDC-42A3-9474-1A3956D46DE8}") = "Samples", "Samples", "{DABCEE42-464B-420F-8D07-A73C2A501F0A}"
EndProject
Project("{9A19103F-16F7-4668-BE54-9A1E7A4F7556}") = "Warthog.Sample_Console", "src\Warthog.Sample_Console\Warthog.Sample_Console.csproj", "{5CB73DD7-53D0-4013-AADF-5994967298A4}"
EndProject
Project("{9A19103F-16F7-4668-BE54-9A1E7A4F7556}") = "Warthog.Cli", "src\Warthog.Cli\Warthog.Cli.csproj", "{3284CBEC-F976-4AC4-9BFC-AA01439A59B1}"
EndProject
Project("{9A19103F-16F7-4668-BE54-9A1E7A4F7556}") = "Warthog", "src\Warthog\Warthog.csproj", "{DD5E69DC-AF3D-486C-B9E4-28A2FBF1A7B1}"
EndProject
Project("{9A19103F-16F7-4668-BE54-9A1E7A4F7556}") = "Warthog.Test", "test\Warthog\Warthog.Test.csproj", "{242D86D0-D0AA-4EB6-912C-EE9DBDE8AB3A}"
EndProject
Global
	GlobalSection(SolutionConfigurationPlatforms) = preSolution
		Debug|Any CPU = Debug|Any CPU
		Debug|ARM = Debug|ARM
		Debug|iPhone = Debug|iPhone
		Debug|iPhoneSimulator = Debug|iPhoneSimulator
		Debug|x64 = Debug|x64
		Debug|x86 = Debug|x86
		Release|Any CPU = Release|Any CPU
		Release|ARM = Release|ARM
		Release|iPhone = Release|iPhone
		Release|iPhoneSimulator = Release|iPhoneSimulator
		Release|x64 = Release|x64
		Release|x86 = Release|x86
	EndGlobalSection
	GlobalSection(ProjectConfigurationPlatforms) = postSolution
		{5CB73DD7-53D0-4013-AADF-5994967298A4}.Debug|Any CPU.ActiveCfg = Debug|Any CPU
		{5CB73DD7-53D0-4013-AADF-5994967298A4}.Debug|Any CPU.Build.0 = Debug|Any CPU
		{5CB73DD7-53D0-4013-AADF-5994967298A4}.Debug|ARM.ActiveCfg = Debug|Any CPU
		{5CB73DD7-53D0-4013-AADF-5994967298A4}.Debug|ARM.Build.0 = Debug|Any CPU
		{5CB73DD7-53D0-4013-AADF-5994967298A4}.Debug|iPhone.ActiveCfg = Debug|Any CPU
		{5CB73DD7-53D0-4013-AADF-5994967298A4}.Debug|iPhone.Build.0 = Debug|Any CPU
		{5CB73DD7-53D0-4013-AADF-5994967298A4}.Debug|iPhoneSimulator.ActiveCfg = Debug|Any CPU
		{5CB73DD7-53D0-4013-AADF-5994967298A4}.Debug|iPhoneSimulator.Build.0 = Debug|Any CPU
		{5CB73DD7-53D0-4013-AADF-5994967298A4}.Debug|x64.ActiveCfg = Debug|Any CPU
		{5CB73DD7-53D0-4013-AADF-5994967298A4}.Debug|x64.Build.0 = Debug|Any CPU
		{5CB73DD7-53D0-4013-AADF-5994967298A4}.Debug|x86.ActiveCfg = Debug|Any CPU
		{5CB73DD7-53D0-4013-AADF-5994967298A4}.Debug|x86.Build.0 = Debug|Any CPU
		{5CB73DD7-53D0-4013-AADF-5994967298A4}.Release|Any CPU.ActiveCfg = Release|Any CPU
		{5CB73DD7-53D0-4013-AADF-5994967298A4}.Release|Any CPU.Build.0 = Release|Any CPU
		{5CB73DD7-53D0-4013-AADF-5994967298A4}.Release|ARM.ActiveCfg = Release|Any CPU
		{5CB73DD7-53D0-4013-AADF-5994967298A4}.Release|ARM.Build.0 = Release|Any CPU
		{5CB73DD7-53D0-4013-AADF-5994967298A4}.Release|iPhone.ActiveCfg = Release|Any CPU
		{5CB73DD7-53D0-4013-AADF-5994967298A4}.Release|iPhone.Build.0 = Release|Any CPU
		{5CB73DD7-53D0-4013-AADF-5994967298A4}.Release|iPhoneSimulator.ActiveCfg = Release|Any CPU
		{5CB73DD7-53D0-4013-AADF-5994967298A4}.Release|iPhoneSimulator.Build.0 = Release|Any CPU
		{5CB73DD7-53D0-4013-AADF-5994967298A4}.Release|x64.ActiveCfg = Release|Any CPU
		{5CB73DD7-53D0-4013-AADF-5994967298A4}.Release|x64.Build.0 = Release|Any CPU
		{5CB73DD7-53D0-4013-AADF-5994967298A4}.Release|x86.ActiveCfg = Release|Any CPU
		{5CB73DD7-53D0-4013-AADF-5994967298A4}.Release|x86.Build.0 = Release|Any CPU
		{3284CBEC-F976-4AC4-9BFC-AA01439A59B1}.Debug|Any CPU.ActiveCfg = Debug|Any CPU
		{3284CBEC-F976-4AC4-9BFC-AA01439A59B1}.Debug|Any CPU.Build.0 = Debug|Any CPU
		{3284CBEC-F976-4AC4-9BFC-AA01439A59B1}.Debug|ARM.ActiveCfg = Debug|Any CPU
		{3284CBEC-F976-4AC4-9BFC-AA01439A59B1}.Debug|ARM.Build.0 = Debug|Any CPU
		{3284CBEC-F976-4AC4-9BFC-AA01439A59B1}.Debug|iPhone.ActiveCfg = Debug|Any CPU
		{3284CBEC-F976-4AC4-9BFC-AA01439A59B1}.Debug|iPhone.Build.0 = Debug|Any CPU
		{3284CBEC-F976-4AC4-9BFC-AA01439A59B1}.Debug|iPhoneSimulator.ActiveCfg = Debug|Any CPU
		{3284CBEC-F976-4AC4-9BFC-AA01439A59B1}.Debug|iPhoneSimulator.Build.0 = Debug|Any CPU
		{3284CBEC-F976-4AC4-9BFC-AA01439A59B1}.Debug|x64.ActiveCfg = Debug|Any CPU
		{3284CBEC-F976-4AC4-9BFC-AA01439A59B1}.Debug|x64.Build.0 = Debug|Any CPU
		{3284CBEC-F976-4AC4-9BFC-AA01439A59B1}.Debug|x86.ActiveCfg = Debug|Any CPU
		{3284CBEC-F976-4AC4-9BFC-AA01439A59B1}.Debug|x86.Build.0 = Debug|Any CPU
		{3284CBEC-F976-4AC4-9BFC-AA01439A59B1}.Release|Any CPU.ActiveCfg = Release|Any CPU
		{3284CBEC-F976-4AC4-9BFC-AA01439A59B1}.Release|Any CPU.Build.0 = Release|Any CPU
		{3284CBEC-F976-4AC4-9BFC-AA01439A59B1}.Release|ARM.ActiveCfg = Release|Any CPU
		{3284CBEC-F976-4AC4-9BFC-AA01439A59B1}.Release|ARM.Build.0 = Release|Any CPU
		{3284CBEC-F976-4AC4-9BFC-AA01439A59B1}.Release|iPhone.ActiveCfg = Release|Any CPU
		{3284CBEC-F976-4AC4-9BFC-AA01439A59B1}.Release|iPhone.Build.0 = Release|Any CPU
		{3284CBEC-F976-4AC4-9BFC-AA01439A59B1}.Release|iPhoneSimulator.ActiveCfg = Release|Any CPU
		{3284CBEC-F976-4AC4-9BFC-AA01439A59B1}.Release|iPhoneSimulator.Build.0 = Release|Any CPU
		{3284CBEC-F976-4AC4-9BFC-AA01439A59B1}.Release|x64.ActiveCfg = Release|Any CPU
		{3284CBEC-F976-4AC4-9BFC-AA01439A59B1}.Release|x64.Build.0 = Release|Any CPU
		{3284CBEC-F976-4AC4-9BFC-AA01439A59B1}.Release|x86.ActiveCfg = Release|Any CPU
		{3284CBEC-F976-4AC4-9BFC-AA01439A59B1}.Release|x86.Build.0 = Release|Any CPU
		{DD5E69DC-AF3D-486C-B9E4-28A2FBF1A7B1}.Debug|Any CPU.ActiveCfg = Debug|Any CPU
		{DD5E69DC-AF3D-486C-B9E4-28A2FBF1A7B1}.Debug|Any CPU.Build.0 = Debug|Any CPU
		{DD5E69DC-AF3D-486C-B9E4-28A2FBF1A7B1}.Debug|ARM.ActiveCfg = Debug|Any CPU
		{DD5E69DC-AF3D-486C-B9E4-28A2FBF1A7B1}.Debug|ARM.Build.0 = Debug|Any CPU
		{DD5E69DC-AF3D-486C-B9E4-28A2FBF1A7B1}.Debug|iPhone.ActiveCfg = Debug|Any CPU
		{DD5E69DC-AF3D-486C-B9E4-28A2FBF1A7B1}.Debug|iPhone.Build.0 = Debug|Any CPU
		{DD5E69DC-AF3D-486C-B9E4-28A2FBF1A7B1}.Debug|iPhoneSimulator.ActiveCfg = Debug|Any CPU
		{DD5E69DC-AF3D-486C-B9E4-28A2FBF1A7B1}.Debug|iPhoneSimulator.Build.0 = Debug|Any CPU
		{DD5E69DC-AF3D-486C-B9E4-28A2FBF1A7B1}.Debug|x64.ActiveCfg = Debug|Any CPU
		{DD5E69DC-AF3D-486C-B9E4-28A2FBF1A7B1}.Debug|x64.Build.0 = Debug|Any CPU
		{DD5E69DC-AF3D-486C-B9E4-28A2FBF1A7B1}.Debug|x86.ActiveCfg = Debug|Any CPU
		{DD5E69DC-AF3D-486C-B9E4-28A2FBF1A7B1}.Debug|x86.Build.0 = Debug|Any CPU
		{DD5E69DC-AF3D-486C-B9E4-28A2FBF1A7B1}.Release|Any CPU.ActiveCfg = Release|Any CPU
		{DD5E69DC-AF3D-486C-B9E4-28A2FBF1A7B1}.Release|Any CPU.Build.0 = Release|Any CPU
		{DD5E69DC-AF3D-486C-B9E4-28A2FBF1A7B1}.Release|ARM.ActiveCfg = Release|Any CPU
		{DD5E69DC-AF3D-486C-B9E4-28A2FBF1A7B1}.Release|ARM.Build.0 = Release|Any CPU
		{DD5E69DC-AF3D-486C-B9E4-28A2FBF1A7B1}.Release|iPhone.ActiveCfg = Release|Any CPU
		{DD5E69DC-AF3D-486C-B9E4-28A2FBF1A7B1}.Release|iPhone.Build.0 = Release|Any CPU
		{DD5E69DC-AF3D-486C-B9E4-28A2FBF1A7B1}.Release|iPhoneSimulator.ActiveCfg = Release|Any CPU
		{DD5E69DC-AF3D-486C-B9E4-28A2FBF1A7B1}.Release|iPhoneSimulator.Build.0 = Release|Any CPU
		{DD5E69DC-AF3D-486C-B9E4-28A2FBF1A7B1}.Release|x64.ActiveCfg = Release|Any CPU
		{DD5E69DC-AF3D-486C-B9E4-28A2FBF1A7B1}.Release|x64.Build.0 = Release|Any CPU
		{DD5E69DC-AF3D-486C-B9E4-28A2FBF1A7B1}.Release|x86.ActiveCfg = Release|Any CPU
		{DD5E69DC-AF3D-486C-B9E4-28A2FBF1A7B1}.Release|x86.Build.0 = Release|Any CPU
		{242D86D0-D0AA-4EB6-912C-EE9DBDE8AB3A}.Debug|Any CPU.ActiveCfg = Debug|Any CPU
		{242D86D0-D0AA-4EB6-912C-EE9DBDE8AB3A}.Debug|Any CPU.Build.0 = Debug|Any CPU
		{242D86D0-D0AA-4EB6-912C-EE9DBDE8AB3A}.Debug|ARM.ActiveCfg = Debug|Any CPU
		{242D86D0-D0AA-4EB6-912C-EE9DBDE8AB3A}.Debug|ARM.Build.0 = Debug|Any CPU
		{242D86D0-D0AA-4EB6-912C-EE9DBDE8AB3A}.Debug|iPhone.ActiveCfg = Debug|Any CPU
		{242D86D0-D0AA-4EB6-912C-EE9DBDE8AB3A}.Debug|iPhone.Build.0 = Debug|Any CPU
		{242D86D0-D0AA-4EB6-912C-EE9DBDE8AB3A}.Debug|iPhoneSimulator.ActiveCfg = Debug|Any CPU
		{242D86D0-D0AA-4EB6-912C-EE9DBDE8AB3A}.Debug|iPhoneSimulator.Build.0 = Debug|Any CPU
		{242D86D0-D0AA-4EB6-912C-EE9DBDE8AB3A}.Debug|x64.ActiveCfg = Debug|Any CPU
		{242D86D0-D0AA-4EB6-912C-EE9DBDE8AB3A}.Debug|x64.Build.0 = Debug|Any CPU
		{242D86D0-D0AA-4EB6-912C-EE9DBDE8AB3A}.Debug|x86.ActiveCfg = Debug|Any CPU
		{242D86D0-D0AA-4EB6-912C-EE9DBDE8AB3A}.Debug|x86.Build.0 = Debug|Any CPU
		{242D86D0-D0AA-4EB6-912C-EE9DBDE8AB3A}.Release|Any CPU.ActiveCfg = Release|Any CPU
		{242D86D0-D0AA-4EB6-912C-EE9DBDE8AB3A}.Release|Any CPU.Build.0 = Release|Any CPU
		{242D86D0-D0AA-4EB6-912C-EE9DBDE8AB3A}.Release|ARM.ActiveCfg = Release|Any CPU
		{242D86D0-D0AA-4EB6-912C-EE9DBDE8AB3A}.Release|ARM.Build.0 = Release|Any CPU
		{242D86D0-D0AA-4EB6-912C-EE9DBDE8AB3A}.Release|iPhone.ActiveCfg = Release|Any CPU
		{242D86D0-D0AA-4EB6-912C-EE9DBDE8AB3A}.Release|iPhone.Build.0 = Release|Any CPU
		{242D86D0-D0AA-4EB6-912C-EE9DBDE8AB3A}.Release|iPhoneSimulator.ActiveCfg = Release|Any CPU
		{242D86D0-D0AA-4EB6-912C-EE9DBDE8AB3A}.Release|iPhoneSimulator.Build.0 = Release|Any CPU
		{242D86D0-D0AA-4EB6-912C-EE9DBDE8AB3A}.Release|x64.ActiveCfg = Release|Any CPU
		{242D86D0-D0AA-4EB6-912C-EE9DBDE8AB3A}.Release|x64.Build.0 = Release|Any CPU
		{242D86D0-D0AA-4EB6-912C-EE9DBDE8AB3A}.Release|x86.ActiveCfg = Release|Any CPU
		{242D86D0-D0AA-4EB6-912C-EE9DBDE8AB3A}.Release|x86.Build.0 = Release|Any CPU
	EndGlobalSection
	GlobalSection(SolutionProperties) = preSolution
		HideSolutionNode = FALSE
	EndGlobalSection
	GlobalSection(NestedProjects) = preSolution
		{5CB73DD7-53D0-4013-AADF-5994967298A4} = {DABCEE42-464B-420F-8D07-A73C2A501F0A}
		{242D86D0-D0AA-4EB6-912C-EE9DBDE8AB3A} = {0DB40E06-1133-4B03-9189-82952F335119}
	EndGlobalSection
	GlobalSection(ExtensibilityGlobals) = postSolution
		SolutionGuid = {ED6533B7-4BAB-4BCC-95D9-141B5F813020}
	EndGlobalSection
EndGlobal
