
Microsoft Visual Studio Solution File, Format Version 12.00
# Visual Studio Version 16
VisualStudioVersion = 16.0.29728.190
MinimumVisualStudioVersion = 10.0.40219.1
Project("{2150E333-8FDC-42A3-9474-1A3956D46DE8}") = "Test", "Test", "{0DB40E06-1133-4B03-9189-82952F335119}"
EndProject
Project("{2150E333-8FDC-42A3-9474-1A3956D46DE8}") = "Samples", "Samples", "{DABCEE42-464B-420F-8D07-A73C2A501F0A}"
EndProject
Project("{9A19103F-16F7-4668-BE54-9A1E7A4F7556}") = "Shot.Licensing", "src\Shot.Licensing\Shot.Licensing.csproj", "{8961226A-AB93-4080-AC1C-E131A57AE433}"
EndProject
Project("{9A19103F-16F7-4668-BE54-9A1E7A4F7556}") = "Shot.Licensing.Cli", "src\Shot.Licensing.Cli\Shot.Licensing.Cli.csproj", "{CCBF783A-86E5-4DE6-8CA7-E78C44E174AD}"
EndProject
Project("{9A19103F-16F7-4668-BE54-9A1E7A4F7556}") = "Shot.Licensing.Test", "test\Shot.Licensing.Test\Shot.Licensing.Test.csproj", "{B3031946-ED08-4F18-9F95-4D66F054DF5E}"
EndProject
Project("{9A19103F-16F7-4668-BE54-9A1E7A4F7556}") = "Shot.Licensing.Sample_Console", "src\Shot.Licensing.Sample_Console\Shot.Licensing.Sample_Console.csproj", "{D21F1AED-21AC-46B6-8F41-9C03CB54EAE6}"
EndProject
Project("{9A19103F-16F7-4668-BE54-9A1E7A4F7556}") = "Shot.Licensing.Sample_Console_ServerLicenseFetch", "src\Shot.Licensing.Sample_Console_ServerLicenseFetch\Shot.Licensing.Sample_Console_ServerLicenseFetch.csproj", "{9967E4A6-D7EB-43EE-95BB-E23CA9E30E3A}"
EndProject
Project("{2150E333-8FDC-42A3-9474-1A3956D46DE8}") = "Xamarin", "Xamarin", "{97A52235-E096-4FD0-A4F0-725E95C4BAFF}"
EndProject
Project("{FAE04EC0-301F-11D3-BF4B-00C04F79EFBC}") = "Shot.Licensing.Sample_XF.UWP", "src\Shot.Licensing.Sample_XF\Shot.Licensing.Sample_XF.UWP\Shot.Licensing.Sample_XF.UWP.csproj", "{60876F3F-6531-478D-AAC2-4169E5FC5CDE}"
EndProject
Project("{FAE04EC0-301F-11D3-BF4B-00C04F79EFBC}") = "Shot.Licensing.Sample_XF.Android", "src\Shot.Licensing.Sample_XF\Shot.Licensing.Sample_XF.Android\Shot.Licensing.Sample_XF.Android.csproj", "{80BC2147-335E-486F-BC10-725757E7EBA6}"
EndProject
Project("{FAE04EC0-301F-11D3-BF4B-00C04F79EFBC}") = "Shot.Licensing.Sample_XF.iOS", "src\Shot.Licensing.Sample_XF\Shot.Licensing.Sample_XF.iOS\Shot.Licensing.Sample_XF.iOS.csproj", "{B478D056-37F5-4934-A189-69571A6D7918}"
EndProject
Project("{9A19103F-16F7-4668-BE54-9A1E7A4F7556}") = "Shot.Licensing.Sample_XF", "src\Shot.Licensing.Sample_XF\Shot.Licensing.Sample_XF\Shot.Licensing.Sample_XF.csproj", "{D4B9EDED-FBD2-48E0-8648-D537ED88D0F6}"
EndProject
Project("{9A19103F-16F7-4668-BE54-9A1E7A4F7556}") = "Shot.Licensing.Sample_XamarinForms.Test", "test\Shot.Licensing.Sample_XamarinForms.Test\Shot.Licensing.Sample_XamarinForms.Test.csproj", "{0EC052C0-3260-459E-8591-5F9E052F7289}"
EndProject
Project("{9A19103F-16F7-4668-BE54-9A1E7A4F7556}") = "Shot.Licensing.Api.Test", "test\Shot.Licensing.Api.Test\Shot.Licensing.Api.Test.csproj", "{F21F63A3-63FD-401B-8C64-466EBE980D2D}"
EndProject
Project("{9A19103F-16F7-4668-BE54-9A1E7A4F7556}") = "Shot.Licensing.DevResources", "src\Shot.Licensing.DevResources\Shot.Licensing.DevResources.csproj", "{9F627F2E-569C-46A1-B669-6C565A4F7DFB}"
EndProject
Project("{9A19103F-16F7-4668-BE54-9A1E7A4F7556}") = "Shot.Licensing.Api", "src\Shot.Licensing.Api\Shot.Licensing.Api.csproj", "{0FDC5253-8E3E-40CE-BDB5-35A01C343119}"
EndProject
Global
	GlobalSection(SolutionConfigurationPlatforms) = preSolution
		Debug|Any CPU = Debug|Any CPU
		Debug|ARM = Debug|ARM
		Debug|iPhone = Debug|iPhone
		Debug|iPhoneSimulator = Debug|iPhoneSimulator
		Debug|x64 = Debug|x64
		Debug|x86 = Debug|x86
		Release|Any CPU = Release|Any CPU
		Release|ARM = Release|ARM
		Release|iPhone = Release|iPhone
		Release|iPhoneSimulator = Release|iPhoneSimulator
		Release|x64 = Release|x64
		Release|x86 = Release|x86
	EndGlobalSection
	GlobalSection(ProjectConfigurationPlatforms) = postSolution
		{8961226A-AB93-4080-AC1C-E131A57AE433}.Debug|Any CPU.ActiveCfg = Debug|Any CPU
		{8961226A-AB93-4080-AC1C-E131A57AE433}.Debug|Any CPU.Build.0 = Debug|Any CPU
		{8961226A-AB93-4080-AC1C-E131A57AE433}.Debug|ARM.ActiveCfg = Debug|Any CPU
		{8961226A-AB93-4080-AC1C-E131A57AE433}.Debug|ARM.Build.0 = Debug|Any CPU
		{8961226A-AB93-4080-AC1C-E131A57AE433}.Debug|iPhone.ActiveCfg = Debug|Any CPU
		{8961226A-AB93-4080-AC1C-E131A57AE433}.Debug|iPhone.Build.0 = Debug|Any CPU
		{8961226A-AB93-4080-AC1C-E131A57AE433}.Debug|iPhoneSimulator.ActiveCfg = Debug|Any CPU
		{8961226A-AB93-4080-AC1C-E131A57AE433}.Debug|iPhoneSimulator.Build.0 = Debug|Any CPU
		{8961226A-AB93-4080-AC1C-E131A57AE433}.Debug|x64.ActiveCfg = Debug|Any CPU
		{8961226A-AB93-4080-AC1C-E131A57AE433}.Debug|x64.Build.0 = Debug|Any CPU
		{8961226A-AB93-4080-AC1C-E131A57AE433}.Debug|x86.ActiveCfg = Debug|Any CPU
		{8961226A-AB93-4080-AC1C-E131A57AE433}.Debug|x86.Build.0 = Debug|Any CPU
		{8961226A-AB93-4080-AC1C-E131A57AE433}.Release|Any CPU.ActiveCfg = Release|Any CPU
		{8961226A-AB93-4080-AC1C-E131A57AE433}.Release|Any CPU.Build.0 = Release|Any CPU
		{8961226A-AB93-4080-AC1C-E131A57AE433}.Release|ARM.ActiveCfg = Release|Any CPU
		{8961226A-AB93-4080-AC1C-E131A57AE433}.Release|ARM.Build.0 = Release|Any CPU
		{8961226A-AB93-4080-AC1C-E131A57AE433}.Release|iPhone.ActiveCfg = Release|Any CPU
		{8961226A-AB93-4080-AC1C-E131A57AE433}.Release|iPhone.Build.0 = Release|Any CPU
		{8961226A-AB93-4080-AC1C-E131A57AE433}.Release|iPhoneSimulator.ActiveCfg = Release|Any CPU
		{8961226A-AB93-4080-AC1C-E131A57AE433}.Release|iPhoneSimulator.Build.0 = Release|Any CPU
		{8961226A-AB93-4080-AC1C-E131A57AE433}.Release|x64.ActiveCfg = Release|Any CPU
		{8961226A-AB93-4080-AC1C-E131A57AE433}.Release|x64.Build.0 = Release|Any CPU
		{8961226A-AB93-4080-AC1C-E131A57AE433}.Release|x86.ActiveCfg = Release|Any CPU
		{8961226A-AB93-4080-AC1C-E131A57AE433}.Release|x86.Build.0 = Release|Any CPU
		{CCBF783A-86E5-4DE6-8CA7-E78C44E174AD}.Debug|Any CPU.ActiveCfg = Debug|Any CPU
		{CCBF783A-86E5-4DE6-8CA7-E78C44E174AD}.Debug|Any CPU.Build.0 = Debug|Any CPU
		{CCBF783A-86E5-4DE6-8CA7-E78C44E174AD}.Debug|ARM.ActiveCfg = Debug|Any CPU
		{CCBF783A-86E5-4DE6-8CA7-E78C44E174AD}.Debug|ARM.Build.0 = Debug|Any CPU
		{CCBF783A-86E5-4DE6-8CA7-E78C44E174AD}.Debug|iPhone.ActiveCfg = Debug|Any CPU
		{CCBF783A-86E5-4DE6-8CA7-E78C44E174AD}.Debug|iPhone.Build.0 = Debug|Any CPU
		{CCBF783A-86E5-4DE6-8CA7-E78C44E174AD}.Debug|iPhoneSimulator.ActiveCfg = Debug|Any CPU
		{CCBF783A-86E5-4DE6-8CA7-E78C44E174AD}.Debug|iPhoneSimulator.Build.0 = Debug|Any CPU
		{CCBF783A-86E5-4DE6-8CA7-E78C44E174AD}.Debug|x64.ActiveCfg = Debug|Any CPU
		{CCBF783A-86E5-4DE6-8CA7-E78C44E174AD}.Debug|x64.Build.0 = Debug|Any CPU
		{CCBF783A-86E5-4DE6-8CA7-E78C44E174AD}.Debug|x86.ActiveCfg = Debug|Any CPU
		{CCBF783A-86E5-4DE6-8CA7-E78C44E174AD}.Debug|x86.Build.0 = Debug|Any CPU
		{CCBF783A-86E5-4DE6-8CA7-E78C44E174AD}.Release|Any CPU.ActiveCfg = Release|Any CPU
		{CCBF783A-86E5-4DE6-8CA7-E78C44E174AD}.Release|Any CPU.Build.0 = Release|Any CPU
		{CCBF783A-86E5-4DE6-8CA7-E78C44E174AD}.Release|ARM.ActiveCfg = Release|Any CPU
		{CCBF783A-86E5-4DE6-8CA7-E78C44E174AD}.Release|ARM.Build.0 = Release|Any CPU
		{CCBF783A-86E5-4DE6-8CA7-E78C44E174AD}.Release|iPhone.ActiveCfg = Release|Any CPU
		{CCBF783A-86E5-4DE6-8CA7-E78C44E174AD}.Release|iPhone.Build.0 = Release|Any CPU
		{CCBF783A-86E5-4DE6-8CA7-E78C44E174AD}.Release|iPhoneSimulator.ActiveCfg = Release|Any CPU
		{CCBF783A-86E5-4DE6-8CA7-E78C44E174AD}.Release|iPhoneSimulator.Build.0 = Release|Any CPU
		{CCBF783A-86E5-4DE6-8CA7-E78C44E174AD}.Release|x64.ActiveCfg = Release|Any CPU
		{CCBF783A-86E5-4DE6-8CA7-E78C44E174AD}.Release|x64.Build.0 = Release|Any CPU
		{CCBF783A-86E5-4DE6-8CA7-E78C44E174AD}.Release|x86.ActiveCfg = Release|Any CPU
		{CCBF783A-86E5-4DE6-8CA7-E78C44E174AD}.Release|x86.Build.0 = Release|Any CPU
		{B3031946-ED08-4F18-9F95-4D66F054DF5E}.Debug|Any CPU.ActiveCfg = Debug|Any CPU
		{B3031946-ED08-4F18-9F95-4D66F054DF5E}.Debug|Any CPU.Build.0 = Debug|Any CPU
		{B3031946-ED08-4F18-9F95-4D66F054DF5E}.Debug|ARM.ActiveCfg = Debug|Any CPU
		{B3031946-ED08-4F18-9F95-4D66F054DF5E}.Debug|ARM.Build.0 = Debug|Any CPU
		{B3031946-ED08-4F18-9F95-4D66F054DF5E}.Debug|iPhone.ActiveCfg = Debug|Any CPU
		{B3031946-ED08-4F18-9F95-4D66F054DF5E}.Debug|iPhone.Build.0 = Debug|Any CPU
		{B3031946-ED08-4F18-9F95-4D66F054DF5E}.Debug|iPhoneSimulator.ActiveCfg = Debug|Any CPU
		{B3031946-ED08-4F18-9F95-4D66F054DF5E}.Debug|iPhoneSimulator.Build.0 = Debug|Any CPU
		{B3031946-ED08-4F18-9F95-4D66F054DF5E}.Debug|x64.ActiveCfg = Debug|Any CPU
		{B3031946-ED08-4F18-9F95-4D66F054DF5E}.Debug|x64.Build.0 = Debug|Any CPU
		{B3031946-ED08-4F18-9F95-4D66F054DF5E}.Debug|x86.ActiveCfg = Debug|Any CPU
		{B3031946-ED08-4F18-9F95-4D66F054DF5E}.Debug|x86.Build.0 = Debug|Any CPU
		{B3031946-ED08-4F18-9F95-4D66F054DF5E}.Release|Any CPU.ActiveCfg = Release|Any CPU
		{B3031946-ED08-4F18-9F95-4D66F054DF5E}.Release|Any CPU.Build.0 = Release|Any CPU
		{B3031946-ED08-4F18-9F95-4D66F054DF5E}.Release|ARM.ActiveCfg = Release|Any CPU
		{B3031946-ED08-4F18-9F95-4D66F054DF5E}.Release|ARM.Build.0 = Release|Any CPU
		{B3031946-ED08-4F18-9F95-4D66F054DF5E}.Release|iPhone.ActiveCfg = Release|Any CPU
		{B3031946-ED08-4F18-9F95-4D66F054DF5E}.Release|iPhone.Build.0 = Release|Any CPU
		{B3031946-ED08-4F18-9F95-4D66F054DF5E}.Release|iPhoneSimulator.ActiveCfg = Release|Any CPU
		{B3031946-ED08-4F18-9F95-4D66F054DF5E}.Release|iPhoneSimulator.Build.0 = Release|Any CPU
		{B3031946-ED08-4F18-9F95-4D66F054DF5E}.Release|x64.ActiveCfg = Release|Any CPU
		{B3031946-ED08-4F18-9F95-4D66F054DF5E}.Release|x64.Build.0 = Release|Any CPU
		{B3031946-ED08-4F18-9F95-4D66F054DF5E}.Release|x86.ActiveCfg = Release|Any CPU
		{B3031946-ED08-4F18-9F95-4D66F054DF5E}.Release|x86.Build.0 = Release|Any CPU
		{D21F1AED-21AC-46B6-8F41-9C03CB54EAE6}.Debug|Any CPU.ActiveCfg = Debug|Any CPU
		{D21F1AED-21AC-46B6-8F41-9C03CB54EAE6}.Debug|Any CPU.Build.0 = Debug|Any CPU
		{D21F1AED-21AC-46B6-8F41-9C03CB54EAE6}.Debug|ARM.ActiveCfg = Debug|Any CPU
		{D21F1AED-21AC-46B6-8F41-9C03CB54EAE6}.Debug|ARM.Build.0 = Debug|Any CPU
		{D21F1AED-21AC-46B6-8F41-9C03CB54EAE6}.Debug|iPhone.ActiveCfg = Debug|Any CPU
		{D21F1AED-21AC-46B6-8F41-9C03CB54EAE6}.Debug|iPhone.Build.0 = Debug|Any CPU
		{D21F1AED-21AC-46B6-8F41-9C03CB54EAE6}.Debug|iPhoneSimulator.ActiveCfg = Debug|Any CPU
		{D21F1AED-21AC-46B6-8F41-9C03CB54EAE6}.Debug|iPhoneSimulator.Build.0 = Debug|Any CPU
		{D21F1AED-21AC-46B6-8F41-9C03CB54EAE6}.Debug|x64.ActiveCfg = Debug|Any CPU
		{D21F1AED-21AC-46B6-8F41-9C03CB54EAE6}.Debug|x64.Build.0 = Debug|Any CPU
		{D21F1AED-21AC-46B6-8F41-9C03CB54EAE6}.Debug|x86.ActiveCfg = Debug|Any CPU
		{D21F1AED-21AC-46B6-8F41-9C03CB54EAE6}.Debug|x86.Build.0 = Debug|Any CPU
		{D21F1AED-21AC-46B6-8F41-9C03CB54EAE6}.Release|Any CPU.ActiveCfg = Release|Any CPU
		{D21F1AED-21AC-46B6-8F41-9C03CB54EAE6}.Release|Any CPU.Build.0 = Release|Any CPU
		{D21F1AED-21AC-46B6-8F41-9C03CB54EAE6}.Release|ARM.ActiveCfg = Release|Any CPU
		{D21F1AED-21AC-46B6-8F41-9C03CB54EAE6}.Release|ARM.Build.0 = Release|Any CPU
		{D21F1AED-21AC-46B6-8F41-9C03CB54EAE6}.Release|iPhone.ActiveCfg = Release|Any CPU
		{D21F1AED-21AC-46B6-8F41-9C03CB54EAE6}.Release|iPhone.Build.0 = Release|Any CPU
		{D21F1AED-21AC-46B6-8F41-9C03CB54EAE6}.Release|iPhoneSimulator.ActiveCfg = Release|Any CPU
		{D21F1AED-21AC-46B6-8F41-9C03CB54EAE6}.Release|iPhoneSimulator.Build.0 = Release|Any CPU
		{D21F1AED-21AC-46B6-8F41-9C03CB54EAE6}.Release|x64.ActiveCfg = Release|Any CPU
		{D21F1AED-21AC-46B6-8F41-9C03CB54EAE6}.Release|x64.Build.0 = Release|Any CPU
		{D21F1AED-21AC-46B6-8F41-9C03CB54EAE6}.Release|x86.ActiveCfg = Release|Any CPU
		{D21F1AED-21AC-46B6-8F41-9C03CB54EAE6}.Release|x86.Build.0 = Release|Any CPU
		{9967E4A6-D7EB-43EE-95BB-E23CA9E30E3A}.Debug|Any CPU.ActiveCfg = Debug|Any CPU
		{9967E4A6-D7EB-43EE-95BB-E23CA9E30E3A}.Debug|Any CPU.Build.0 = Debug|Any CPU
		{9967E4A6-D7EB-43EE-95BB-E23CA9E30E3A}.Debug|ARM.ActiveCfg = Debug|Any CPU
		{9967E4A6-D7EB-43EE-95BB-E23CA9E30E3A}.Debug|ARM.Build.0 = Debug|Any CPU
		{9967E4A6-D7EB-43EE-95BB-E23CA9E30E3A}.Debug|iPhone.ActiveCfg = Debug|Any CPU
		{9967E4A6-D7EB-43EE-95BB-E23CA9E30E3A}.Debug|iPhone.Build.0 = Debug|Any CPU
		{9967E4A6-D7EB-43EE-95BB-E23CA9E30E3A}.Debug|iPhoneSimulator.ActiveCfg = Debug|Any CPU
		{9967E4A6-D7EB-43EE-95BB-E23CA9E30E3A}.Debug|iPhoneSimulator.Build.0 = Debug|Any CPU
		{9967E4A6-D7EB-43EE-95BB-E23CA9E30E3A}.Debug|x64.ActiveCfg = Debug|Any CPU
		{9967E4A6-D7EB-43EE-95BB-E23CA9E30E3A}.Debug|x64.Build.0 = Debug|Any CPU
		{9967E4A6-D7EB-43EE-95BB-E23CA9E30E3A}.Debug|x86.ActiveCfg = Debug|Any CPU
		{9967E4A6-D7EB-43EE-95BB-E23CA9E30E3A}.Debug|x86.Build.0 = Debug|Any CPU
		{9967E4A6-D7EB-43EE-95BB-E23CA9E30E3A}.Release|Any CPU.ActiveCfg = Release|Any CPU
		{9967E4A6-D7EB-43EE-95BB-E23CA9E30E3A}.Release|Any CPU.Build.0 = Release|Any CPU
		{9967E4A6-D7EB-43EE-95BB-E23CA9E30E3A}.Release|ARM.ActiveCfg = Release|Any CPU
		{9967E4A6-D7EB-43EE-95BB-E23CA9E30E3A}.Release|ARM.Build.0 = Release|Any CPU
		{9967E4A6-D7EB-43EE-95BB-E23CA9E30E3A}.Release|iPhone.ActiveCfg = Release|Any CPU
		{9967E4A6-D7EB-43EE-95BB-E23CA9E30E3A}.Release|iPhone.Build.0 = Release|Any CPU
		{9967E4A6-D7EB-43EE-95BB-E23CA9E30E3A}.Release|iPhoneSimulator.ActiveCfg = Release|Any CPU
		{9967E4A6-D7EB-43EE-95BB-E23CA9E30E3A}.Release|iPhoneSimulator.Build.0 = Release|Any CPU
		{9967E4A6-D7EB-43EE-95BB-E23CA9E30E3A}.Release|x64.ActiveCfg = Release|Any CPU
		{9967E4A6-D7EB-43EE-95BB-E23CA9E30E3A}.Release|x64.Build.0 = Release|Any CPU
		{9967E4A6-D7EB-43EE-95BB-E23CA9E30E3A}.Release|x86.ActiveCfg = Release|Any CPU
		{9967E4A6-D7EB-43EE-95BB-E23CA9E30E3A}.Release|x86.Build.0 = Release|Any CPU
		{60876F3F-6531-478D-AAC2-4169E5FC5CDE}.Debug|Any CPU.ActiveCfg = Debug|x86
		{60876F3F-6531-478D-AAC2-4169E5FC5CDE}.Debug|ARM.ActiveCfg = Debug|ARM
		{60876F3F-6531-478D-AAC2-4169E5FC5CDE}.Debug|ARM.Build.0 = Debug|ARM
		{60876F3F-6531-478D-AAC2-4169E5FC5CDE}.Debug|ARM.Deploy.0 = Debug|ARM
		{60876F3F-6531-478D-AAC2-4169E5FC5CDE}.Debug|iPhone.ActiveCfg = Debug|x86
		{60876F3F-6531-478D-AAC2-4169E5FC5CDE}.Debug|iPhoneSimulator.ActiveCfg = Debug|x86
		{60876F3F-6531-478D-AAC2-4169E5FC5CDE}.Debug|x64.ActiveCfg = Debug|x64
		{60876F3F-6531-478D-AAC2-4169E5FC5CDE}.Debug|x64.Build.0 = Debug|x64
		{60876F3F-6531-478D-AAC2-4169E5FC5CDE}.Debug|x64.Deploy.0 = Debug|x64
		{60876F3F-6531-478D-AAC2-4169E5FC5CDE}.Debug|x86.ActiveCfg = Debug|x86
		{60876F3F-6531-478D-AAC2-4169E5FC5CDE}.Debug|x86.Build.0 = Debug|x86
		{60876F3F-6531-478D-AAC2-4169E5FC5CDE}.Debug|x86.Deploy.0 = Debug|x86
		{60876F3F-6531-478D-AAC2-4169E5FC5CDE}.Release|Any CPU.ActiveCfg = Release|x86
		{60876F3F-6531-478D-AAC2-4169E5FC5CDE}.Release|ARM.ActiveCfg = Release|ARM
		{60876F3F-6531-478D-AAC2-4169E5FC5CDE}.Release|ARM.Build.0 = Release|ARM
		{60876F3F-6531-478D-AAC2-4169E5FC5CDE}.Release|ARM.Deploy.0 = Release|ARM
		{60876F3F-6531-478D-AAC2-4169E5FC5CDE}.Release|iPhone.ActiveCfg = Release|x86
		{60876F3F-6531-478D-AAC2-4169E5FC5CDE}.Release|iPhoneSimulator.ActiveCfg = Release|x86
		{60876F3F-6531-478D-AAC2-4169E5FC5CDE}.Release|x64.ActiveCfg = Release|x64
		{60876F3F-6531-478D-AAC2-4169E5FC5CDE}.Release|x64.Build.0 = Release|x64
		{60876F3F-6531-478D-AAC2-4169E5FC5CDE}.Release|x64.Deploy.0 = Release|x64
		{60876F3F-6531-478D-AAC2-4169E5FC5CDE}.Release|x86.ActiveCfg = Release|x86
		{60876F3F-6531-478D-AAC2-4169E5FC5CDE}.Release|x86.Build.0 = Release|x86
		{60876F3F-6531-478D-AAC2-4169E5FC5CDE}.Release|x86.Deploy.0 = Release|x86
		{80BC2147-335E-486F-BC10-725757E7EBA6}.Debug|Any CPU.ActiveCfg = Debug|Any CPU
		{80BC2147-335E-486F-BC10-725757E7EBA6}.Debug|Any CPU.Build.0 = Debug|Any CPU
		{80BC2147-335E-486F-BC10-725757E7EBA6}.Debug|Any CPU.Deploy.0 = Debug|Any CPU
		{80BC2147-335E-486F-BC10-725757E7EBA6}.Debug|ARM.ActiveCfg = Debug|Any CPU
		{80BC2147-335E-486F-BC10-725757E7EBA6}.Debug|ARM.Build.0 = Debug|Any CPU
		{80BC2147-335E-486F-BC10-725757E7EBA6}.Debug|ARM.Deploy.0 = Debug|Any CPU
		{80BC2147-335E-486F-BC10-725757E7EBA6}.Debug|iPhone.ActiveCfg = Debug|Any CPU
		{80BC2147-335E-486F-BC10-725757E7EBA6}.Debug|iPhone.Build.0 = Debug|Any CPU
		{80BC2147-335E-486F-BC10-725757E7EBA6}.Debug|iPhone.Deploy.0 = Debug|Any CPU
		{80BC2147-335E-486F-BC10-725757E7EBA6}.Debug|iPhoneSimulator.ActiveCfg = Debug|Any CPU
		{80BC2147-335E-486F-BC10-725757E7EBA6}.Debug|iPhoneSimulator.Build.0 = Debug|Any CPU
		{80BC2147-335E-486F-BC10-725757E7EBA6}.Debug|iPhoneSimulator.Deploy.0 = Debug|Any CPU
		{80BC2147-335E-486F-BC10-725757E7EBA6}.Debug|x64.ActiveCfg = Debug|Any CPU
		{80BC2147-335E-486F-BC10-725757E7EBA6}.Debug|x64.Build.0 = Debug|Any CPU
		{80BC2147-335E-486F-BC10-725757E7EBA6}.Debug|x64.Deploy.0 = Debug|Any CPU
		{80BC2147-335E-486F-BC10-725757E7EBA6}.Debug|x86.ActiveCfg = Debug|Any CPU
		{80BC2147-335E-486F-BC10-725757E7EBA6}.Debug|x86.Build.0 = Debug|Any CPU
		{80BC2147-335E-486F-BC10-725757E7EBA6}.Debug|x86.Deploy.0 = Debug|Any CPU
		{80BC2147-335E-486F-BC10-725757E7EBA6}.Release|Any CPU.ActiveCfg = Release|Any CPU
		{80BC2147-335E-486F-BC10-725757E7EBA6}.Release|Any CPU.Build.0 = Release|Any CPU
		{80BC2147-335E-486F-BC10-725757E7EBA6}.Release|Any CPU.Deploy.0 = Release|Any CPU
		{80BC2147-335E-486F-BC10-725757E7EBA6}.Release|ARM.ActiveCfg = Release|Any CPU
		{80BC2147-335E-486F-BC10-725757E7EBA6}.Release|ARM.Build.0 = Release|Any CPU
		{80BC2147-335E-486F-BC10-725757E7EBA6}.Release|ARM.Deploy.0 = Release|Any CPU
		{80BC2147-335E-486F-BC10-725757E7EBA6}.Release|iPhone.ActiveCfg = Release|Any CPU
		{80BC2147-335E-486F-BC10-725757E7EBA6}.Release|iPhone.Build.0 = Release|Any CPU
		{80BC2147-335E-486F-BC10-725757E7EBA6}.Release|iPhone.Deploy.0 = Release|Any CPU
		{80BC2147-335E-486F-BC10-725757E7EBA6}.Release|iPhoneSimulator.ActiveCfg = Release|Any CPU
		{80BC2147-335E-486F-BC10-725757E7EBA6}.Release|iPhoneSimulator.Build.0 = Release|Any CPU
		{80BC2147-335E-486F-BC10-725757E7EBA6}.Release|iPhoneSimulator.Deploy.0 = Release|Any CPU
		{80BC2147-335E-486F-BC10-725757E7EBA6}.Release|x64.ActiveCfg = Release|Any CPU
		{80BC2147-335E-486F-BC10-725757E7EBA6}.Release|x64.Build.0 = Release|Any CPU
		{80BC2147-335E-486F-BC10-725757E7EBA6}.Release|x64.Deploy.0 = Release|Any CPU
		{80BC2147-335E-486F-BC10-725757E7EBA6}.Release|x86.ActiveCfg = Release|Any CPU
		{80BC2147-335E-486F-BC10-725757E7EBA6}.Release|x86.Build.0 = Release|Any CPU
		{80BC2147-335E-486F-BC10-725757E7EBA6}.Release|x86.Deploy.0 = Release|Any CPU
		{B478D056-37F5-4934-A189-69571A6D7918}.Debug|Any CPU.ActiveCfg = Debug|iPhone
		{B478D056-37F5-4934-A189-69571A6D7918}.Debug|ARM.ActiveCfg = Debug|iPhone
		{B478D056-37F5-4934-A189-69571A6D7918}.Debug|iPhone.ActiveCfg = Debug|iPhone
		{B478D056-37F5-4934-A189-69571A6D7918}.Debug|iPhone.Build.0 = Debug|iPhone
		{B478D056-37F5-4934-A189-69571A6D7918}.Debug|iPhoneSimulator.ActiveCfg = Debug|iPhoneSimulator
		{B478D056-37F5-4934-A189-69571A6D7918}.Debug|iPhoneSimulator.Build.0 = Debug|iPhoneSimulator
		{B478D056-37F5-4934-A189-69571A6D7918}.Debug|x64.ActiveCfg = Debug|iPhone
		{B478D056-37F5-4934-A189-69571A6D7918}.Debug|x86.ActiveCfg = Debug|iPhone
		{B478D056-37F5-4934-A189-69571A6D7918}.Release|Any CPU.ActiveCfg = Release|iPhone
		{B478D056-37F5-4934-A189-69571A6D7918}.Release|ARM.ActiveCfg = Release|iPhone
		{B478D056-37F5-4934-A189-69571A6D7918}.Release|iPhone.ActiveCfg = Release|iPhone
		{B478D056-37F5-4934-A189-69571A6D7918}.Release|iPhone.Build.0 = Release|iPhone
		{B478D056-37F5-4934-A189-69571A6D7918}.Release|iPhoneSimulator.ActiveCfg = Release|iPhoneSimulator
		{B478D056-37F5-4934-A189-69571A6D7918}.Release|iPhoneSimulator.Build.0 = Release|iPhoneSimulator
		{B478D056-37F5-4934-A189-69571A6D7918}.Release|x64.ActiveCfg = Release|iPhone
		{B478D056-37F5-4934-A189-69571A6D7918}.Release|x86.ActiveCfg = Release|iPhone
		{D4B9EDED-FBD2-48E0-8648-D537ED88D0F6}.Debug|Any CPU.ActiveCfg = Debug|Any CPU
		{D4B9EDED-FBD2-48E0-8648-D537ED88D0F6}.Debug|Any CPU.Build.0 = Debug|Any CPU
		{D4B9EDED-FBD2-48E0-8648-D537ED88D0F6}.Debug|ARM.ActiveCfg = Debug|Any CPU
		{D4B9EDED-FBD2-48E0-8648-D537ED88D0F6}.Debug|ARM.Build.0 = Debug|Any CPU
		{D4B9EDED-FBD2-48E0-8648-D537ED88D0F6}.Debug|iPhone.ActiveCfg = Debug|Any CPU
		{D4B9EDED-FBD2-48E0-8648-D537ED88D0F6}.Debug|iPhone.Build.0 = Debug|Any CPU
		{D4B9EDED-FBD2-48E0-8648-D537ED88D0F6}.Debug|iPhoneSimulator.ActiveCfg = Debug|Any CPU
		{D4B9EDED-FBD2-48E0-8648-D537ED88D0F6}.Debug|iPhoneSimulator.Build.0 = Debug|Any CPU
		{D4B9EDED-FBD2-48E0-8648-D537ED88D0F6}.Debug|x64.ActiveCfg = Debug|Any CPU
		{D4B9EDED-FBD2-48E0-8648-D537ED88D0F6}.Debug|x64.Build.0 = Debug|Any CPU
		{D4B9EDED-FBD2-48E0-8648-D537ED88D0F6}.Debug|x86.ActiveCfg = Debug|Any CPU
		{D4B9EDED-FBD2-48E0-8648-D537ED88D0F6}.Debug|x86.Build.0 = Debug|Any CPU
		{D4B9EDED-FBD2-48E0-8648-D537ED88D0F6}.Release|Any CPU.ActiveCfg = Release|Any CPU
		{D4B9EDED-FBD2-48E0-8648-D537ED88D0F6}.Release|Any CPU.Build.0 = Release|Any CPU
		{D4B9EDED-FBD2-48E0-8648-D537ED88D0F6}.Release|ARM.ActiveCfg = Release|Any CPU
		{D4B9EDED-FBD2-48E0-8648-D537ED88D0F6}.Release|ARM.Build.0 = Release|Any CPU
		{D4B9EDED-FBD2-48E0-8648-D537ED88D0F6}.Release|iPhone.ActiveCfg = Release|Any CPU
		{D4B9EDED-FBD2-48E0-8648-D537ED88D0F6}.Release|iPhone.Build.0 = Release|Any CPU
		{D4B9EDED-FBD2-48E0-8648-D537ED88D0F6}.Release|iPhoneSimulator.ActiveCfg = Release|Any CPU
		{D4B9EDED-FBD2-48E0-8648-D537ED88D0F6}.Release|iPhoneSimulator.Build.0 = Release|Any CPU
		{D4B9EDED-FBD2-48E0-8648-D537ED88D0F6}.Release|x64.ActiveCfg = Release|Any CPU
		{D4B9EDED-FBD2-48E0-8648-D537ED88D0F6}.Release|x64.Build.0 = Release|Any CPU
		{D4B9EDED-FBD2-48E0-8648-D537ED88D0F6}.Release|x86.ActiveCfg = Release|Any CPU
		{D4B9EDED-FBD2-48E0-8648-D537ED88D0F6}.Release|x86.Build.0 = Release|Any CPU
		{0EC052C0-3260-459E-8591-5F9E052F7289}.Debug|Any CPU.ActiveCfg = Debug|Any CPU
		{0EC052C0-3260-459E-8591-5F9E052F7289}.Debug|Any CPU.Build.0 = Debug|Any CPU
		{0EC052C0-3260-459E-8591-5F9E052F7289}.Debug|ARM.ActiveCfg = Debug|Any CPU
		{0EC052C0-3260-459E-8591-5F9E052F7289}.Debug|ARM.Build.0 = Debug|Any CPU
		{0EC052C0-3260-459E-8591-5F9E052F7289}.Debug|iPhone.ActiveCfg = Debug|Any CPU
		{0EC052C0-3260-459E-8591-5F9E052F7289}.Debug|iPhone.Build.0 = Debug|Any CPU
		{0EC052C0-3260-459E-8591-5F9E052F7289}.Debug|iPhoneSimulator.ActiveCfg = Debug|Any CPU
		{0EC052C0-3260-459E-8591-5F9E052F7289}.Debug|iPhoneSimulator.Build.0 = Debug|Any CPU
		{0EC052C0-3260-459E-8591-5F9E052F7289}.Debug|x64.ActiveCfg = Debug|Any CPU
		{0EC052C0-3260-459E-8591-5F9E052F7289}.Debug|x64.Build.0 = Debug|Any CPU
		{0EC052C0-3260-459E-8591-5F9E052F7289}.Debug|x86.ActiveCfg = Debug|Any CPU
		{0EC052C0-3260-459E-8591-5F9E052F7289}.Debug|x86.Build.0 = Debug|Any CPU
		{0EC052C0-3260-459E-8591-5F9E052F7289}.Release|Any CPU.ActiveCfg = Release|Any CPU
		{0EC052C0-3260-459E-8591-5F9E052F7289}.Release|Any CPU.Build.0 = Release|Any CPU
		{0EC052C0-3260-459E-8591-5F9E052F7289}.Release|ARM.ActiveCfg = Release|Any CPU
		{0EC052C0-3260-459E-8591-5F9E052F7289}.Release|ARM.Build.0 = Release|Any CPU
		{0EC052C0-3260-459E-8591-5F9E052F7289}.Release|iPhone.ActiveCfg = Release|Any CPU
		{0EC052C0-3260-459E-8591-5F9E052F7289}.Release|iPhone.Build.0 = Release|Any CPU
		{0EC052C0-3260-459E-8591-5F9E052F7289}.Release|iPhoneSimulator.ActiveCfg = Release|Any CPU
		{0EC052C0-3260-459E-8591-5F9E052F7289}.Release|iPhoneSimulator.Build.0 = Release|Any CPU
		{0EC052C0-3260-459E-8591-5F9E052F7289}.Release|x64.ActiveCfg = Release|Any CPU
		{0EC052C0-3260-459E-8591-5F9E052F7289}.Release|x64.Build.0 = Release|Any CPU
		{0EC052C0-3260-459E-8591-5F9E052F7289}.Release|x86.ActiveCfg = Release|Any CPU
		{0EC052C0-3260-459E-8591-5F9E052F7289}.Release|x86.Build.0 = Release|Any CPU
		{F21F63A3-63FD-401B-8C64-466EBE980D2D}.Debug|Any CPU.ActiveCfg = Debug|Any CPU
		{F21F63A3-63FD-401B-8C64-466EBE980D2D}.Debug|Any CPU.Build.0 = Debug|Any CPU
		{F21F63A3-63FD-401B-8C64-466EBE980D2D}.Debug|ARM.ActiveCfg = Debug|Any CPU
		{F21F63A3-63FD-401B-8C64-466EBE980D2D}.Debug|ARM.Build.0 = Debug|Any CPU
		{F21F63A3-63FD-401B-8C64-466EBE980D2D}.Debug|iPhone.ActiveCfg = Debug|Any CPU
		{F21F63A3-63FD-401B-8C64-466EBE980D2D}.Debug|iPhone.Build.0 = Debug|Any CPU
		{F21F63A3-63FD-401B-8C64-466EBE980D2D}.Debug|iPhoneSimulator.ActiveCfg = Debug|Any CPU
		{F21F63A3-63FD-401B-8C64-466EBE980D2D}.Debug|iPhoneSimulator.Build.0 = Debug|Any CPU
		{F21F63A3-63FD-401B-8C64-466EBE980D2D}.Debug|x64.ActiveCfg = Debug|Any CPU
		{F21F63A3-63FD-401B-8C64-466EBE980D2D}.Debug|x64.Build.0 = Debug|Any CPU
		{F21F63A3-63FD-401B-8C64-466EBE980D2D}.Debug|x86.ActiveCfg = Debug|Any CPU
		{F21F63A3-63FD-401B-8C64-466EBE980D2D}.Debug|x86.Build.0 = Debug|Any CPU
		{F21F63A3-63FD-401B-8C64-466EBE980D2D}.Release|Any CPU.ActiveCfg = Release|Any CPU
		{F21F63A3-63FD-401B-8C64-466EBE980D2D}.Release|Any CPU.Build.0 = Release|Any CPU
		{F21F63A3-63FD-401B-8C64-466EBE980D2D}.Release|ARM.ActiveCfg = Release|Any CPU
		{F21F63A3-63FD-401B-8C64-466EBE980D2D}.Release|ARM.Build.0 = Release|Any CPU
		{F21F63A3-63FD-401B-8C64-466EBE980D2D}.Release|iPhone.ActiveCfg = Release|Any CPU
		{F21F63A3-63FD-401B-8C64-466EBE980D2D}.Release|iPhone.Build.0 = Release|Any CPU
		{F21F63A3-63FD-401B-8C64-466EBE980D2D}.Release|iPhoneSimulator.ActiveCfg = Release|Any CPU
		{F21F63A3-63FD-401B-8C64-466EBE980D2D}.Release|iPhoneSimulator.Build.0 = Release|Any CPU
		{F21F63A3-63FD-401B-8C64-466EBE980D2D}.Release|x64.ActiveCfg = Release|Any CPU
		{F21F63A3-63FD-401B-8C64-466EBE980D2D}.Release|x64.Build.0 = Release|Any CPU
		{F21F63A3-63FD-401B-8C64-466EBE980D2D}.Release|x86.ActiveCfg = Release|Any CPU
		{F21F63A3-63FD-401B-8C64-466EBE980D2D}.Release|x86.Build.0 = Release|Any CPU
		{9F627F2E-569C-46A1-B669-6C565A4F7DFB}.Debug|Any CPU.ActiveCfg = Debug|Any CPU
		{9F627F2E-569C-46A1-B669-6C565A4F7DFB}.Debug|Any CPU.Build.0 = Debug|Any CPU
		{9F627F2E-569C-46A1-B669-6C565A4F7DFB}.Debug|ARM.ActiveCfg = Debug|Any CPU
		{9F627F2E-569C-46A1-B669-6C565A4F7DFB}.Debug|ARM.Build.0 = Debug|Any CPU
		{9F627F2E-569C-46A1-B669-6C565A4F7DFB}.Debug|iPhone.ActiveCfg = Debug|Any CPU
		{9F627F2E-569C-46A1-B669-6C565A4F7DFB}.Debug|iPhone.Build.0 = Debug|Any CPU
		{9F627F2E-569C-46A1-B669-6C565A4F7DFB}.Debug|iPhoneSimulator.ActiveCfg = Debug|Any CPU
		{9F627F2E-569C-46A1-B669-6C565A4F7DFB}.Debug|iPhoneSimulator.Build.0 = Debug|Any CPU
		{9F627F2E-569C-46A1-B669-6C565A4F7DFB}.Debug|x64.ActiveCfg = Debug|Any CPU
		{9F627F2E-569C-46A1-B669-6C565A4F7DFB}.Debug|x64.Build.0 = Debug|Any CPU
		{9F627F2E-569C-46A1-B669-6C565A4F7DFB}.Debug|x86.ActiveCfg = Debug|Any CPU
		{9F627F2E-569C-46A1-B669-6C565A4F7DFB}.Debug|x86.Build.0 = Debug|Any CPU
		{9F627F2E-569C-46A1-B669-6C565A4F7DFB}.Release|Any CPU.ActiveCfg = Release|Any CPU
		{9F627F2E-569C-46A1-B669-6C565A4F7DFB}.Release|Any CPU.Build.0 = Release|Any CPU
		{9F627F2E-569C-46A1-B669-6C565A4F7DFB}.Release|ARM.ActiveCfg = Release|Any CPU
		{9F627F2E-569C-46A1-B669-6C565A4F7DFB}.Release|ARM.Build.0 = Release|Any CPU
		{9F627F2E-569C-46A1-B669-6C565A4F7DFB}.Release|iPhone.ActiveCfg = Release|Any CPU
		{9F627F2E-569C-46A1-B669-6C565A4F7DFB}.Release|iPhone.Build.0 = Release|Any CPU
		{9F627F2E-569C-46A1-B669-6C565A4F7DFB}.Release|iPhoneSimulator.ActiveCfg = Release|Any CPU
		{9F627F2E-569C-46A1-B669-6C565A4F7DFB}.Release|iPhoneSimulator.Build.0 = Release|Any CPU
		{9F627F2E-569C-46A1-B669-6C565A4F7DFB}.Release|x64.ActiveCfg = Release|Any CPU
		{9F627F2E-569C-46A1-B669-6C565A4F7DFB}.Release|x64.Build.0 = Release|Any CPU
		{9F627F2E-569C-46A1-B669-6C565A4F7DFB}.Release|x86.ActiveCfg = Release|Any CPU
		{9F627F2E-569C-46A1-B669-6C565A4F7DFB}.Release|x86.Build.0 = Release|Any CPU
		{0FDC5253-8E3E-40CE-BDB5-35A01C343119}.Debug|Any CPU.ActiveCfg = Debug|Any CPU
		{0FDC5253-8E3E-40CE-BDB5-35A01C343119}.Debug|Any CPU.Build.0 = Debug|Any CPU
		{0FDC5253-8E3E-40CE-BDB5-35A01C343119}.Debug|ARM.ActiveCfg = Debug|Any CPU
		{0FDC5253-8E3E-40CE-BDB5-35A01C343119}.Debug|ARM.Build.0 = Debug|Any CPU
		{0FDC5253-8E3E-40CE-BDB5-35A01C343119}.Debug|iPhone.ActiveCfg = Debug|Any CPU
		{0FDC5253-8E3E-40CE-BDB5-35A01C343119}.Debug|iPhone.Build.0 = Debug|Any CPU
		{0FDC5253-8E3E-40CE-BDB5-35A01C343119}.Debug|iPhoneSimulator.ActiveCfg = Debug|Any CPU
		{0FDC5253-8E3E-40CE-BDB5-35A01C343119}.Debug|iPhoneSimulator.Build.0 = Debug|Any CPU
		{0FDC5253-8E3E-40CE-BDB5-35A01C343119}.Debug|x64.ActiveCfg = Debug|Any CPU
		{0FDC5253-8E3E-40CE-BDB5-35A01C343119}.Debug|x64.Build.0 = Debug|Any CPU
		{0FDC5253-8E3E-40CE-BDB5-35A01C343119}.Debug|x86.ActiveCfg = Debug|Any CPU
		{0FDC5253-8E3E-40CE-BDB5-35A01C343119}.Debug|x86.Build.0 = Debug|Any CPU
		{0FDC5253-8E3E-40CE-BDB5-35A01C343119}.Release|Any CPU.ActiveCfg = Release|Any CPU
		{0FDC5253-8E3E-40CE-BDB5-35A01C343119}.Release|Any CPU.Build.0 = Release|Any CPU
		{0FDC5253-8E3E-40CE-BDB5-35A01C343119}.Release|ARM.ActiveCfg = Release|Any CPU
		{0FDC5253-8E3E-40CE-BDB5-35A01C343119}.Release|ARM.Build.0 = Release|Any CPU
		{0FDC5253-8E3E-40CE-BDB5-35A01C343119}.Release|iPhone.ActiveCfg = Release|Any CPU
		{0FDC5253-8E3E-40CE-BDB5-35A01C343119}.Release|iPhone.Build.0 = Release|Any CPU
		{0FDC5253-8E3E-40CE-BDB5-35A01C343119}.Release|iPhoneSimulator.ActiveCfg = Release|Any CPU
		{0FDC5253-8E3E-40CE-BDB5-35A01C343119}.Release|iPhoneSimulator.Build.0 = Release|Any CPU
		{0FDC5253-8E3E-40CE-BDB5-35A01C343119}.Release|x64.ActiveCfg = Release|Any CPU
		{0FDC5253-8E3E-40CE-BDB5-35A01C343119}.Release|x64.Build.0 = Release|Any CPU
		{0FDC5253-8E3E-40CE-BDB5-35A01C343119}.Release|x86.ActiveCfg = Release|Any CPU
		{0FDC5253-8E3E-40CE-BDB5-35A01C343119}.Release|x86.Build.0 = Release|Any CPU
	EndGlobalSection
	GlobalSection(SolutionProperties) = preSolution
		HideSolutionNode = FALSE
	EndGlobalSection
	GlobalSection(NestedProjects) = preSolution
		{B3031946-ED08-4F18-9F95-4D66F054DF5E} = {0DB40E06-1133-4B03-9189-82952F335119}
		{D21F1AED-21AC-46B6-8F41-9C03CB54EAE6} = {DABCEE42-464B-420F-8D07-A73C2A501F0A}
		{9967E4A6-D7EB-43EE-95BB-E23CA9E30E3A} = {DABCEE42-464B-420F-8D07-A73C2A501F0A}
		{97A52235-E096-4FD0-A4F0-725E95C4BAFF} = {DABCEE42-464B-420F-8D07-A73C2A501F0A}
		{60876F3F-6531-478D-AAC2-4169E5FC5CDE} = {97A52235-E096-4FD0-A4F0-725E95C4BAFF}
		{80BC2147-335E-486F-BC10-725757E7EBA6} = {97A52235-E096-4FD0-A4F0-725E95C4BAFF}
		{B478D056-37F5-4934-A189-69571A6D7918} = {97A52235-E096-4FD0-A4F0-725E95C4BAFF}
		{D4B9EDED-FBD2-48E0-8648-D537ED88D0F6} = {97A52235-E096-4FD0-A4F0-725E95C4BAFF}
		{0EC052C0-3260-459E-8591-5F9E052F7289} = {0DB40E06-1133-4B03-9189-82952F335119}
		{F21F63A3-63FD-401B-8C64-466EBE980D2D} = {0DB40E06-1133-4B03-9189-82952F335119}
	EndGlobalSection
	GlobalSection(ExtensibilityGlobals) = postSolution
		SolutionGuid = {ED6533B7-4BAB-4BCC-95D9-141B5F813020}
	EndGlobalSection
EndGlobal
